// !$*UTF8*$!
{
	archiveVersion = 1;
	classes = {
	};
	objectVersion = 46;
	objects = {

/* Begin PBXBuildFile section */
		2E09F7B41E77B77200EE2F0A /* ProfileTableTableViewController.swift in Sources */ = {isa = PBXBuildFile; fileRef = 2E09F7B31E77B77200EE2F0A /* ProfileTableTableViewController.swift */; };
		2E2AE2651E6A63CE00C3A9D5 /* CreateAccountViewController.swift in Sources */ = {isa = PBXBuildFile; fileRef = 2E2AE2641E6A63CE00C3A9D5 /* CreateAccountViewController.swift */; };
		2E3488901E719B3500A0392C /* TestViewController.swift in Sources */ = {isa = PBXBuildFile; fileRef = 2E34888F1E719B3500A0392C /* TestViewController.swift */; };
		2E69EF1C1E65D36A00F1BC9A /* AppDelegate.swift in Sources */ = {isa = PBXBuildFile; fileRef = 2E69EF1B1E65D36A00F1BC9A /* AppDelegate.swift */; };
		2E69EF1E1E65D36A00F1BC9A /* ViewController.swift in Sources */ = {isa = PBXBuildFile; fileRef = 2E69EF1D1E65D36A00F1BC9A /* ViewController.swift */; };
		2E69EF211E65D36A00F1BC9A /* Main.storyboard in Resources */ = {isa = PBXBuildFile; fileRef = 2E69EF1F1E65D36A00F1BC9A /* Main.storyboard */; };
		2E69EF231E65D36A00F1BC9A /* Assets.xcassets in Resources */ = {isa = PBXBuildFile; fileRef = 2E69EF221E65D36A00F1BC9A /* Assets.xcassets */; };
		2E69EF261E65D36A00F1BC9A /* LaunchScreen.storyboard in Resources */ = {isa = PBXBuildFile; fileRef = 2E69EF241E65D36A00F1BC9A /* LaunchScreen.storyboard */; };
		2E69EF311E65D36A00F1BC9A /* mHealthTests.swift in Sources */ = {isa = PBXBuildFile; fileRef = 2E69EF301E65D36A00F1BC9A /* mHealthTests.swift */; };
		2E69EF3C1E65D36A00F1BC9A /* mHealthUITests.swift in Sources */ = {isa = PBXBuildFile; fileRef = 2E69EF3B1E65D36A00F1BC9A /* mHealthUITests.swift */; };
		2E69EF731E6600BD00F1BC9A /* HealthKit.framework in Frameworks */ = {isa = PBXBuildFile; fileRef = 2E69EF721E6600BD00F1BC9A /* HealthKit.framework */; };
		2E764EFC1E65D64F0082CC42 /* GoogleService-Info.plist in Resources */ = {isa = PBXBuildFile; fileRef = 2E764EFB1E65D64F0082CC42 /* GoogleService-Info.plist */; };
		2E99C58A1E706B5D00439E41 /* SettingsTableViewController.swift in Sources */ = {isa = PBXBuildFile; fileRef = 2E99C5891E706B5D00439E41 /* SettingsTableViewController.swift */; };
		2E99C58E1E70911900439E41 /* HKHealthStoreExtension.swift in Sources */ = {isa = PBXBuildFile; fileRef = 2E99C58D1E70911900439E41 /* HKHealthStoreExtension.swift */; };
		2EE80AFC1E68ACCC000956DE /* healthIcon.jpeg in Resources */ = {isa = PBXBuildFile; fileRef = 2EE80AFB1E68ACCC000956DE /* healthIcon.jpeg */; };
		2EE80AFF1E68AEF2000956DE /* User.swift in Sources */ = {isa = PBXBuildFile; fileRef = 2EE80AFE1E68AEF2000956DE /* User.swift */; };
		2EE80B021E6900A3000956DE /* WelcomeViewController.swift in Sources */ = {isa = PBXBuildFile; fileRef = 2EE80B011E6900A3000956DE /* WelcomeViewController.swift */; };
		2EE80B041E690478000956DE /* favorite.swift in Sources */ = {isa = PBXBuildFile; fileRef = 2EE80B031E690478000956DE /* favorite.swift */; };
		2EFC7C251E7778560033173E /* HealthManager.swift in Sources */ = {isa = PBXBuildFile; fileRef = 2EFC7C241E7778560033173E /* HealthManager.swift */; };
		D3E99D63B6D79540EB6F6DA6 /* Pods_mHealth.framework in Frameworks */ = {isa = PBXBuildFile; fileRef = F24E72EE1D1F73AA5F76F95B /* Pods_mHealth.framework */; };
/* End PBXBuildFile section */

/* Begin PBXContainerItemProxy section */
		2E69EF2D1E65D36A00F1BC9A /* PBXContainerItemProxy */ = {
			isa = PBXContainerItemProxy;
			containerPortal = 2E69EF101E65D36A00F1BC9A /* Project object */;
			proxyType = 1;
			remoteGlobalIDString = 2E69EF171E65D36A00F1BC9A;
			remoteInfo = mHealth;
		};
		2E69EF381E65D36A00F1BC9A /* PBXContainerItemProxy */ = {
			isa = PBXContainerItemProxy;
			containerPortal = 2E69EF101E65D36A00F1BC9A /* Project object */;
			proxyType = 1;
			remoteGlobalIDString = 2E69EF171E65D36A00F1BC9A;
			remoteInfo = mHealth;
		};
/* End PBXContainerItemProxy section */

/* Begin PBXFileReference section */
		04B205F87A2A279AAC0909A9 /* Pods-mHealth.release.xcconfig */ = {isa = PBXFileReference; includeInIndex = 1; lastKnownFileType = text.xcconfig; name = "Pods-mHealth.release.xcconfig"; path = "Pods/Target Support Files/Pods-mHealth/Pods-mHealth.release.xcconfig"; sourceTree = "<group>"; };
		2E09F7B31E77B77200EE2F0A /* ProfileTableTableViewController.swift */ = {isa = PBXFileReference; fileEncoding = 4; lastKnownFileType = sourcecode.swift; path = ProfileTableTableViewController.swift; sourceTree = "<group>"; };
		2E2AE2641E6A63CE00C3A9D5 /* CreateAccountViewController.swift */ = {isa = PBXFileReference; fileEncoding = 4; lastKnownFileType = sourcecode.swift; path = CreateAccountViewController.swift; sourceTree = "<group>"; };
		2E34888F1E719B3500A0392C /* TestViewController.swift */ = {isa = PBXFileReference; fileEncoding = 4; lastKnownFileType = sourcecode.swift; path = TestViewController.swift; sourceTree = "<group>"; };
		2E69EF181E65D36A00F1BC9A /* mHealth.app */ = {isa = PBXFileReference; explicitFileType = wrapper.application; includeInIndex = 0; path = mHealth.app; sourceTree = BUILT_PRODUCTS_DIR; };
		2E69EF1B1E65D36A00F1BC9A /* AppDelegate.swift */ = {isa = PBXFileReference; lastKnownFileType = sourcecode.swift; path = AppDelegate.swift; sourceTree = "<group>"; };
		2E69EF1D1E65D36A00F1BC9A /* ViewController.swift */ = {isa = PBXFileReference; lastKnownFileType = sourcecode.swift; path = ViewController.swift; sourceTree = "<group>"; };
		2E69EF201E65D36A00F1BC9A /* Base */ = {isa = PBXFileReference; lastKnownFileType = file.storyboard; name = Base; path = Base.lproj/Main.storyboard; sourceTree = "<group>"; };
		2E69EF221E65D36A00F1BC9A /* Assets.xcassets */ = {isa = PBXFileReference; lastKnownFileType = folder.assetcatalog; path = Assets.xcassets; sourceTree = "<group>"; };
		2E69EF251E65D36A00F1BC9A /* Base */ = {isa = PBXFileReference; lastKnownFileType = file.storyboard; name = Base; path = Base.lproj/LaunchScreen.storyboard; sourceTree = "<group>"; };
		2E69EF271E65D36A00F1BC9A /* Info.plist */ = {isa = PBXFileReference; lastKnownFileType = text.plist.xml; path = Info.plist; sourceTree = "<group>"; };
		2E69EF2C1E65D36A00F1BC9A /* mHealthTests.xctest */ = {isa = PBXFileReference; explicitFileType = wrapper.cfbundle; includeInIndex = 0; path = mHealthTests.xctest; sourceTree = BUILT_PRODUCTS_DIR; };
		2E69EF301E65D36A00F1BC9A /* mHealthTests.swift */ = {isa = PBXFileReference; lastKnownFileType = sourcecode.swift; path = mHealthTests.swift; sourceTree = "<group>"; };
		2E69EF321E65D36A00F1BC9A /* Info.plist */ = {isa = PBXFileReference; lastKnownFileType = text.plist.xml; path = Info.plist; sourceTree = "<group>"; };
		2E69EF371E65D36A00F1BC9A /* mHealthUITests.xctest */ = {isa = PBXFileReference; explicitFileType = wrapper.cfbundle; includeInIndex = 0; path = mHealthUITests.xctest; sourceTree = BUILT_PRODUCTS_DIR; };
		2E69EF3B1E65D36A00F1BC9A /* mHealthUITests.swift */ = {isa = PBXFileReference; lastKnownFileType = sourcecode.swift; path = mHealthUITests.swift; sourceTree = "<group>"; };
		2E69EF3D1E65D36A00F1BC9A /* Info.plist */ = {isa = PBXFileReference; lastKnownFileType = text.plist.xml; path = Info.plist; sourceTree = "<group>"; };
		2E69EF711E6600BD00F1BC9A /* mHealth.entitlements */ = {isa = PBXFileReference; lastKnownFileType = text.plist.entitlements; path = mHealth.entitlements; sourceTree = "<group>"; };
		2E69EF721E6600BD00F1BC9A /* HealthKit.framework */ = {isa = PBXFileReference; lastKnownFileType = wrapper.framework; name = HealthKit.framework; path = System/Library/Frameworks/HealthKit.framework; sourceTree = SDKROOT; };
		2E764EFB1E65D64F0082CC42 /* GoogleService-Info.plist */ = {isa = PBXFileReference; fileEncoding = 4; lastKnownFileType = text.plist.xml; path = "GoogleService-Info.plist"; sourceTree = "<group>"; };
		2E99C5891E706B5D00439E41 /* SettingsTableViewController.swift */ = {isa = PBXFileReference; fileEncoding = 4; lastKnownFileType = sourcecode.swift; path = SettingsTableViewController.swift; sourceTree = "<group>"; };
		2E99C58D1E70911900439E41 /* HKHealthStoreExtension.swift */ = {isa = PBXFileReference; fileEncoding = 4; lastKnownFileType = sourcecode.swift; path = HKHealthStoreExtension.swift; sourceTree = "<group>"; };
		2EE80AFB1E68ACCC000956DE /* healthIcon.jpeg */ = {isa = PBXFileReference; lastKnownFileType = image.jpeg; name = healthIcon.jpeg; path = mHealth/healthIcon.jpeg; sourceTree = "<group>"; };
		2EE80AFE1E68AEF2000956DE /* User.swift */ = {isa = PBXFileReference; fileEncoding = 4; lastKnownFileType = sourcecode.swift; path = User.swift; sourceTree = "<group>"; };
		2EE80B011E6900A3000956DE /* WelcomeViewController.swift */ = {isa = PBXFileReference; fileEncoding = 4; lastKnownFileType = sourcecode.swift; path = WelcomeViewController.swift; sourceTree = "<group>"; };
		2EE80B031E690478000956DE /* favorite.swift */ = {isa = PBXFileReference; fileEncoding = 4; lastKnownFileType = sourcecode.swift; path = favorite.swift; sourceTree = "<group>"; };
		2EFC7C241E7778560033173E /* HealthManager.swift */ = {isa = PBXFileReference; fileEncoding = 4; lastKnownFileType = sourcecode.swift; path = HealthManager.swift; sourceTree = "<group>"; };
		AC661691064ACA7ABEC578C4 /* Pods-mHealth.debug.xcconfig */ = {isa = PBXFileReference; includeInIndex = 1; lastKnownFileType = text.xcconfig; name = "Pods-mHealth.debug.xcconfig"; path = "Pods/Target Support Files/Pods-mHealth/Pods-mHealth.debug.xcconfig"; sourceTree = "<group>"; };
		F24E72EE1D1F73AA5F76F95B /* Pods_mHealth.framework */ = {isa = PBXFileReference; explicitFileType = wrapper.framework; includeInIndex = 0; path = Pods_mHealth.framework; sourceTree = BUILT_PRODUCTS_DIR; };
/* End PBXFileReference section */

/* Begin PBXFrameworksBuildPhase section */
		2E69EF151E65D36A00F1BC9A /* Frameworks */ = {
			isa = PBXFrameworksBuildPhase;
			buildActionMask = 2147483647;
			files = (
				D3E99D63B6D79540EB6F6DA6 /* Pods_mHealth.framework in Frameworks */,
				2E69EF731E6600BD00F1BC9A /* HealthKit.framework in Frameworks */,
			);
			runOnlyForDeploymentPostprocessing = 0;
		};
		2E69EF291E65D36A00F1BC9A /* Frameworks */ = {
			isa = PBXFrameworksBuildPhase;
			buildActionMask = 2147483647;
			files = (
			);
			runOnlyForDeploymentPostprocessing = 0;
		};
		2E69EF341E65D36A00F1BC9A /* Frameworks */ = {
			isa = PBXFrameworksBuildPhase;
			buildActionMask = 2147483647;
			files = (
			);
			runOnlyForDeploymentPostprocessing = 0;
		};
/* End PBXFrameworksBuildPhase section */

/* Begin PBXGroup section */
		1CE94B91F92B409DBB9E72D0 /* Pods */ = {
			isa = PBXGroup;
			children = (
				AC661691064ACA7ABEC578C4 /* Pods-mHealth.debug.xcconfig */,
				04B205F87A2A279AAC0909A9 /* Pods-mHealth.release.xcconfig */,
			);
			name = Pods;
			sourceTree = "<group>";
		};
		2E69EF0F1E65D36A00F1BC9A = {
			isa = PBXGroup;
			children = (
				2EE80AFD1E68AED8000956DE /* Models */,
				2EE80AF81E68ABF7000956DE /* Resources */,
				2E69EF1A1E65D36A00F1BC9A /* mHealth */,
				2E69EF2F1E65D36A00F1BC9A /* mHealthTests */,
				2E69EF3A1E65D36A00F1BC9A /* mHealthUITests */,
				2E69EF191E65D36A00F1BC9A /* Products */,
				1CE94B91F92B409DBB9E72D0 /* Pods */,
				CE767B442FDD135AE8D57B61 /* Frameworks */,
			);
			sourceTree = "<group>";
		};
		2E69EF191E65D36A00F1BC9A /* Products */ = {
			isa = PBXGroup;
			children = (
				2E69EF181E65D36A00F1BC9A /* mHealth.app */,
				2E69EF2C1E65D36A00F1BC9A /* mHealthTests.xctest */,
				2E69EF371E65D36A00F1BC9A /* mHealthUITests.xctest */,
			);
			name = Products;
			sourceTree = "<group>";
		};
		2E69EF1A1E65D36A00F1BC9A /* mHealth */ = {
			isa = PBXGroup;
			children = (
				2EE80B001E690088000956DE /* ViewControllers */,
				2E69EF711E6600BD00F1BC9A /* mHealth.entitlements */,
				2E69EF1B1E65D36A00F1BC9A /* AppDelegate.swift */,
				2E69EF1F1E65D36A00F1BC9A /* Main.storyboard */,
				2E69EF221E65D36A00F1BC9A /* Assets.xcassets */,
				2E69EF241E65D36A00F1BC9A /* LaunchScreen.storyboard */,
				2E69EF271E65D36A00F1BC9A /* Info.plist */,
				2E764EFB1E65D64F0082CC42 /* GoogleService-Info.plist */,
			);
			path = mHealth;
			sourceTree = "<group>";
		};
		2E69EF2F1E65D36A00F1BC9A /* mHealthTests */ = {
			isa = PBXGroup;
			children = (
				2E69EF301E65D36A00F1BC9A /* mHealthTests.swift */,
				2E69EF321E65D36A00F1BC9A /* Info.plist */,
			);
			path = mHealthTests;
			sourceTree = "<group>";
		};
		2E69EF3A1E65D36A00F1BC9A /* mHealthUITests */ = {
			isa = PBXGroup;
			children = (
				2E69EF3B1E65D36A00F1BC9A /* mHealthUITests.swift */,
				2E69EF3D1E65D36A00F1BC9A /* Info.plist */,
			);
			path = mHealthUITests;
			sourceTree = "<group>";
		};
		2EE80AF81E68ABF7000956DE /* Resources */ = {
			isa = PBXGroup;
			children = (
				2EE80AFB1E68ACCC000956DE /* healthIcon.jpeg */,
			);
			name = Resources;
			sourceTree = "<group>";
		};
		2EE80AFD1E68AED8000956DE /* Models */ = {
			isa = PBXGroup;
			children = (
				2EE80AFE1E68AEF2000956DE /* User.swift */,
				2EE80B031E690478000956DE /* favorite.swift */,
				2EFC7C241E7778560033173E /* HealthManager.swift */,
				2E99C58D1E70911900439E41 /* HKHealthStoreExtension.swift */,
			);
			name = Models;
			sourceTree = "<group>";
		};
		2EE80B001E690088000956DE /* ViewControllers */ = {
			isa = PBXGroup;
			children = (
				2E69EF1D1E65D36A00F1BC9A /* ViewController.swift */,
				2EE80B011E6900A3000956DE /* WelcomeViewController.swift */,
				2E2AE2641E6A63CE00C3A9D5 /* CreateAccountViewController.swift */,
				2E99C5891E706B5D00439E41 /* SettingsTableViewController.swift */,
				2E34888F1E719B3500A0392C /* TestViewController.swift */,
				2E09F7B31E77B77200EE2F0A /* ProfileTableTableViewController.swift */,
			);
			name = ViewControllers;
			sourceTree = "<group>";
		};
		CE767B442FDD135AE8D57B61 /* Frameworks */ = {
			isa = PBXGroup;
			children = (
				2E69EF721E6600BD00F1BC9A /* HealthKit.framework */,
				F24E72EE1D1F73AA5F76F95B /* Pods_mHealth.framework */,
			);
			name = Frameworks;
			sourceTree = "<group>";
		};
/* End PBXGroup section */

/* Begin PBXNativeTarget section */
		2E69EF171E65D36A00F1BC9A /* mHealth */ = {
			isa = PBXNativeTarget;
			buildConfigurationList = 2E69EF401E65D36A00F1BC9A /* Build configuration list for PBXNativeTarget "mHealth" */;
			buildPhases = (
				A6C213C2889D60599001D2BF /* [CP] Check Pods Manifest.lock */,
				2E69EF141E65D36A00F1BC9A /* Sources */,
				2E69EF151E65D36A00F1BC9A /* Frameworks */,
				2E69EF161E65D36A00F1BC9A /* Resources */,
				74D82B6E9891EF4C1F49798E /* [CP] Embed Pods Frameworks */,
				33CEA704DB03FD541A85E6B1 /* [CP] Copy Pods Resources */,
			);
			buildRules = (
			);
			dependencies = (
			);
			name = mHealth;
			productName = mHealth;
			productReference = 2E69EF181E65D36A00F1BC9A /* mHealth.app */;
			productType = "com.apple.product-type.application";
		};
		2E69EF2B1E65D36A00F1BC9A /* mHealthTests */ = {
			isa = PBXNativeTarget;
			buildConfigurationList = 2E69EF431E65D36A00F1BC9A /* Build configuration list for PBXNativeTarget "mHealthTests" */;
			buildPhases = (
				2E69EF281E65D36A00F1BC9A /* Sources */,
				2E69EF291E65D36A00F1BC9A /* Frameworks */,
				2E69EF2A1E65D36A00F1BC9A /* Resources */,
			);
			buildRules = (
			);
			dependencies = (
				2E69EF2E1E65D36A00F1BC9A /* PBXTargetDependency */,
			);
			name = mHealthTests;
			productName = mHealthTests;
			productReference = 2E69EF2C1E65D36A00F1BC9A /* mHealthTests.xctest */;
			productType = "com.apple.product-type.bundle.unit-test";
		};
		2E69EF361E65D36A00F1BC9A /* mHealthUITests */ = {
			isa = PBXNativeTarget;
			buildConfigurationList = 2E69EF461E65D36A00F1BC9A /* Build configuration list for PBXNativeTarget "mHealthUITests" */;
			buildPhases = (
				2E69EF331E65D36A00F1BC9A /* Sources */,
				2E69EF341E65D36A00F1BC9A /* Frameworks */,
				2E69EF351E65D36A00F1BC9A /* Resources */,
			);
			buildRules = (
			);
			dependencies = (
				2E69EF391E65D36A00F1BC9A /* PBXTargetDependency */,
			);
			name = mHealthUITests;
			productName = mHealthUITests;
			productReference = 2E69EF371E65D36A00F1BC9A /* mHealthUITests.xctest */;
			productType = "com.apple.product-type.bundle.ui-testing";
		};
/* End PBXNativeTarget section */

/* Begin PBXProject section */
		2E69EF101E65D36A00F1BC9A /* Project object */ = {
			isa = PBXProject;
			attributes = {
				LastSwiftUpdateCheck = 0820;
				LastUpgradeCheck = 0820;
				ORGANIZATIONNAME = JTMax;
				TargetAttributes = {
					2E69EF171E65D36A00F1BC9A = {
						CreatedOnToolsVersion = 8.2.1;
						DevelopmentTeam = 896PH5VHX4;
						ProvisioningStyle = Manual;
						SystemCapabilities = {
							com.apple.HealthKit = {
								enabled = 1;
							};
						};
					};
					2E69EF2B1E65D36A00F1BC9A = {
						CreatedOnToolsVersion = 8.2.1;
						DevelopmentTeam = UUQTCM99ZH;
						ProvisioningStyle = Automatic;
						TestTargetID = 2E69EF171E65D36A00F1BC9A;
					};
					2E69EF361E65D36A00F1BC9A = {
						CreatedOnToolsVersion = 8.2.1;
						DevelopmentTeam = UUQTCM99ZH;
						ProvisioningStyle = Automatic;
						TestTargetID = 2E69EF171E65D36A00F1BC9A;
					};
				};
			};
			buildConfigurationList = 2E69EF131E65D36A00F1BC9A /* Build configuration list for PBXProject "mHealth" */;
			compatibilityVersion = "Xcode 3.2";
			developmentRegion = English;
			hasScannedForEncodings = 0;
			knownRegions = (
				en,
				Base,
			);
			mainGroup = 2E69EF0F1E65D36A00F1BC9A;
			productRefGroup = 2E69EF191E65D36A00F1BC9A /* Products */;
			projectDirPath = "";
			projectRoot = "";
			targets = (
				2E69EF171E65D36A00F1BC9A /* mHealth */,
				2E69EF2B1E65D36A00F1BC9A /* mHealthTests */,
				2E69EF361E65D36A00F1BC9A /* mHealthUITests */,
			);
		};
/* End PBXProject section */

/* Begin PBXResourcesBuildPhase section */
		2E69EF161E65D36A00F1BC9A /* Resources */ = {
			isa = PBXResourcesBuildPhase;
			buildActionMask = 2147483647;
			files = (
				2E69EF261E65D36A00F1BC9A /* LaunchScreen.storyboard in Resources */,
				2E764EFC1E65D64F0082CC42 /* GoogleService-Info.plist in Resources */,
				2E69EF231E65D36A00F1BC9A /* Assets.xcassets in Resources */,
				2E69EF211E65D36A00F1BC9A /* Main.storyboard in Resources */,
				2EE80AFC1E68ACCC000956DE /* healthIcon.jpeg in Resources */,
			);
			runOnlyForDeploymentPostprocessing = 0;
		};
		2E69EF2A1E65D36A00F1BC9A /* Resources */ = {
			isa = PBXResourcesBuildPhase;
			buildActionMask = 2147483647;
			files = (
			);
			runOnlyForDeploymentPostprocessing = 0;
		};
		2E69EF351E65D36A00F1BC9A /* Resources */ = {
			isa = PBXResourcesBuildPhase;
			buildActionMask = 2147483647;
			files = (
			);
			runOnlyForDeploymentPostprocessing = 0;
		};
/* End PBXResourcesBuildPhase section */

/* Begin PBXShellScriptBuildPhase section */
		33CEA704DB03FD541A85E6B1 /* [CP] Copy Pods Resources */ = {
			isa = PBXShellScriptBuildPhase;
			buildActionMask = 2147483647;
			files = (
			);
			inputPaths = (
			);
			name = "[CP] Copy Pods Resources";
			outputPaths = (
			);
			runOnlyForDeploymentPostprocessing = 0;
			shellPath = /bin/sh;
			shellScript = "\"${SRCROOT}/Pods/Target Support Files/Pods-mHealth/Pods-mHealth-resources.sh\"\n";
			showEnvVarsInLog = 0;
		};
		74D82B6E9891EF4C1F49798E /* [CP] Embed Pods Frameworks */ = {
			isa = PBXShellScriptBuildPhase;
			buildActionMask = 2147483647;
			files = (
			);
			inputPaths = (
			);
			name = "[CP] Embed Pods Frameworks";
			outputPaths = (
			);
			runOnlyForDeploymentPostprocessing = 0;
			shellPath = /bin/sh;
			shellScript = "\"${SRCROOT}/Pods/Target Support Files/Pods-mHealth/Pods-mHealth-frameworks.sh\"\n";
			showEnvVarsInLog = 0;
		};
		A6C213C2889D60599001D2BF /* [CP] Check Pods Manifest.lock */ = {
			isa = PBXShellScriptBuildPhase;
			buildActionMask = 2147483647;
			files = (
			);
			inputPaths = (
			);
			name = "[CP] Check Pods Manifest.lock";
			outputPaths = (
			);
			runOnlyForDeploymentPostprocessing = 0;
			shellPath = /bin/sh;
			shellScript = "diff \"${PODS_ROOT}/../Podfile.lock\" \"${PODS_ROOT}/Manifest.lock\" > /dev/null\nif [ $? != 0 ] ; then\n    # print error to STDERR\n    echo \"error: The sandbox is not in sync with the Podfile.lock. Run 'pod install' or update your CocoaPods installation.\" >&2\n    exit 1\nfi\n";
			showEnvVarsInLog = 0;
		};
/* End PBXShellScriptBuildPhase section */

/* Begin PBXSourcesBuildPhase section */
		2E69EF141E65D36A00F1BC9A /* Sources */ = {
			isa = PBXSourcesBuildPhase;
			buildActionMask = 2147483647;
			files = (
				2E3488901E719B3500A0392C /* TestViewController.swift in Sources */,
				2E2AE2651E6A63CE00C3A9D5 /* CreateAccountViewController.swift in Sources */,
				2E69EF1E1E65D36A00F1BC9A /* ViewController.swift in Sources */,
				2EE80B021E6900A3000956DE /* WelcomeViewController.swift in Sources */,
				2E99C58E1E70911900439E41 /* HKHealthStoreExtension.swift in Sources */,
				2E69EF1C1E65D36A00F1BC9A /* AppDelegate.swift in Sources */,
				2EE80AFF1E68AEF2000956DE /* User.swift in Sources */,
				2EE80B041E690478000956DE /* favorite.swift in Sources */,
				2E99C58A1E706B5D00439E41 /* SettingsTableViewController.swift in Sources */,
				2EFC7C251E7778560033173E /* HealthManager.swift in Sources */,
				2E09F7B41E77B77200EE2F0A /* ProfileTableTableViewController.swift in Sources */,
			);
			runOnlyForDeploymentPostprocessing = 0;
		};
		2E69EF281E65D36A00F1BC9A /* Sources */ = {
			isa = PBXSourcesBuildPhase;
			buildActionMask = 2147483647;
			files = (
				2E69EF311E65D36A00F1BC9A /* mHealthTests.swift in Sources */,
			);
			runOnlyForDeploymentPostprocessing = 0;
		};
		2E69EF331E65D36A00F1BC9A /* Sources */ = {
			isa = PBXSourcesBuildPhase;
			buildActionMask = 2147483647;
			files = (
				2E69EF3C1E65D36A00F1BC9A /* mHealthUITests.swift in Sources */,
			);
			runOnlyForDeploymentPostprocessing = 0;
		};
/* End PBXSourcesBuildPhase section */

/* Begin PBXTargetDependency section */
		2E69EF2E1E65D36A00F1BC9A /* PBXTargetDependency */ = {
			isa = PBXTargetDependency;
			target = 2E69EF171E65D36A00F1BC9A /* mHealth */;
			targetProxy = 2E69EF2D1E65D36A00F1BC9A /* PBXContainerItemProxy */;
		};
		2E69EF391E65D36A00F1BC9A /* PBXTargetDependency */ = {
			isa = PBXTargetDependency;
			target = 2E69EF171E65D36A00F1BC9A /* mHealth */;
			targetProxy = 2E69EF381E65D36A00F1BC9A /* PBXContainerItemProxy */;
		};
/* End PBXTargetDependency section */

/* Begin PBXVariantGroup section */
		2E69EF1F1E65D36A00F1BC9A /* Main.storyboard */ = {
			isa = PBXVariantGroup;
			children = (
				2E69EF201E65D36A00F1BC9A /* Base */,
			);
			name = Main.storyboard;
			sourceTree = "<group>";
		};
		2E69EF241E65D36A00F1BC9A /* LaunchScreen.storyboard */ = {
			isa = PBXVariantGroup;
			children = (
				2E69EF251E65D36A00F1BC9A /* Base */,
			);
			name = LaunchScreen.storyboard;
			sourceTree = "<group>";
		};
/* End PBXVariantGroup section */

/* Begin XCBuildConfiguration section */
		2E69EF3E1E65D36A00F1BC9A /* Debug */ = {
			isa = XCBuildConfiguration;
			buildSettings = {
				ALWAYS_SEARCH_USER_PATHS = NO;
				CLANG_ANALYZER_NONNULL = YES;
				CLANG_CXX_LANGUAGE_STANDARD = "gnu++0x";
				CLANG_CXX_LIBRARY = "libc++";
				CLANG_ENABLE_MODULES = YES;
				CLANG_ENABLE_OBJC_ARC = YES;
				CLANG_WARN_BOOL_CONVERSION = YES;
				CLANG_WARN_CONSTANT_CONVERSION = YES;
				CLANG_WARN_DIRECT_OBJC_ISA_USAGE = YES_ERROR;
				CLANG_WARN_DOCUMENTATION_COMMENTS = YES;
				CLANG_WARN_EMPTY_BODY = YES;
				CLANG_WARN_ENUM_CONVERSION = YES;
				CLANG_WARN_INFINITE_RECURSION = YES;
				CLANG_WARN_INT_CONVERSION = YES;
				CLANG_WARN_OBJC_ROOT_CLASS = YES_ERROR;
				CLANG_WARN_SUSPICIOUS_MOVE = YES;
				CLANG_WARN_UNREACHABLE_CODE = YES;
				CLANG_WARN__DUPLICATE_METHOD_MATCH = YES;
				"CODE_SIGN_IDENTITY[sdk=iphoneos*]" = "iPhone Developer";
				COPY_PHASE_STRIP = NO;
				DEBUG_INFORMATION_FORMAT = dwarf;
				ENABLE_STRICT_OBJC_MSGSEND = YES;
				ENABLE_TESTABILITY = YES;
				GCC_C_LANGUAGE_STANDARD = gnu99;
				GCC_DYNAMIC_NO_PIC = NO;
				GCC_NO_COMMON_BLOCKS = YES;
				GCC_OPTIMIZATION_LEVEL = 0;
				GCC_PREPROCESSOR_DEFINITIONS = (
					"DEBUG=1",
					"$(inherited)",
				);
				GCC_WARN_64_TO_32_BIT_CONVERSION = YES;
				GCC_WARN_ABOUT_RETURN_TYPE = YES_ERROR;
				GCC_WARN_UNDECLARED_SELECTOR = YES;
				GCC_WARN_UNINITIALIZED_AUTOS = YES_AGGRESSIVE;
				GCC_WARN_UNUSED_FUNCTION = YES;
				GCC_WARN_UNUSED_VARIABLE = YES;
				IPHONEOS_DEPLOYMENT_TARGET = 10.2;
				MTL_ENABLE_DEBUG_INFO = YES;
				ONLY_ACTIVE_ARCH = YES;
				SDKROOT = iphoneos;
				SWIFT_ACTIVE_COMPILATION_CONDITIONS = DEBUG;
				SWIFT_OPTIMIZATION_LEVEL = "-Onone";
			};
			name = Debug;
		};
		2E69EF3F1E65D36A00F1BC9A /* Release */ = {
			isa = XCBuildConfiguration;
			buildSettings = {
				ALWAYS_SEARCH_USER_PATHS = NO;
				CLANG_ANALYZER_NONNULL = YES;
				CLANG_CXX_LANGUAGE_STANDARD = "gnu++0x";
				CLANG_CXX_LIBRARY = "libc++";
				CLANG_ENABLE_MODULES = YES;
				CLANG_ENABLE_OBJC_ARC = YES;
				CLANG_WARN_BOOL_CONVERSION = YES;
				CLANG_WARN_CONSTANT_CONVERSION = YES;
				CLANG_WARN_DIRECT_OBJC_ISA_USAGE = YES_ERROR;
				CLANG_WARN_DOCUMENTATION_COMMENTS = YES;
				CLANG_WARN_EMPTY_BODY = YES;
				CLANG_WARN_ENUM_CONVERSION = YES;
				CLANG_WARN_INFINITE_RECURSION = YES;
				CLANG_WARN_INT_CONVERSION = YES;
				CLANG_WARN_OBJC_ROOT_CLASS = YES_ERROR;
				CLANG_WARN_SUSPICIOUS_MOVE = YES;
				CLANG_WARN_UNREACHABLE_CODE = YES;
				CLANG_WARN__DUPLICATE_METHOD_MATCH = YES;
				"CODE_SIGN_IDENTITY[sdk=iphoneos*]" = "iPhone Developer";
				COPY_PHASE_STRIP = NO;
				DEBUG_INFORMATION_FORMAT = "dwarf-with-dsym";
				ENABLE_NS_ASSERTIONS = NO;
				ENABLE_STRICT_OBJC_MSGSEND = YES;
				GCC_C_LANGUAGE_STANDARD = gnu99;
				GCC_NO_COMMON_BLOCKS = YES;
				GCC_WARN_64_TO_32_BIT_CONVERSION = YES;
				GCC_WARN_ABOUT_RETURN_TYPE = YES_ERROR;
				GCC_WARN_UNDECLARED_SELECTOR = YES;
				GCC_WARN_UNINITIALIZED_AUTOS = YES_AGGRESSIVE;
				GCC_WARN_UNUSED_FUNCTION = YES;
				GCC_WARN_UNUSED_VARIABLE = YES;
				IPHONEOS_DEPLOYMENT_TARGET = 10.2;
				MTL_ENABLE_DEBUG_INFO = NO;
				SDKROOT = iphoneos;
				SWIFT_OPTIMIZATION_LEVEL = "-Owholemodule";
				VALIDATE_PRODUCT = YES;
			};
			name = Release;
		};
		2E69EF411E65D36A00F1BC9A /* Debug */ = {
			isa = XCBuildConfiguration;
			baseConfigurationReference = AC661691064ACA7ABEC578C4 /* Pods-mHealth.debug.xcconfig */;
			buildSettings = {
				ASSETCATALOG_COMPILER_APPICON_NAME = AppIcon;
				CODE_SIGN_ENTITLEMENTS = mHealth/mHealth.entitlements;
				DEVELOPMENT_TEAM = 896PH5VHX4;
				INFOPLIST_FILE = mHealth/Info.plist;
				LD_RUNPATH_SEARCH_PATHS = "$(inherited) @executable_path/Frameworks";
				PRODUCT_BUNDLE_IDENTIFIER = edu.stjohns.mHealth;
				PRODUCT_NAME = "$(TARGET_NAME)";
				PROVISIONING_PROFILE = "62f56fd9-b7a6-48cf-a507-7bdbfae75c8a";
				PROVISIONING_PROFILE_SPECIFIER = cus1194;
				SWIFT_VERSION = 3.0;
			};
			name = Debug;
		};
		2E69EF421E65D36A00F1BC9A /* Release */ = {
			isa = XCBuildConfiguration;
			baseConfigurationReference = 04B205F87A2A279AAC0909A9 /* Pods-mHealth.release.xcconfig */;
			buildSettings = {
				ASSETCATALOG_COMPILER_APPICON_NAME = AppIcon;
				CODE_SIGN_ENTITLEMENTS = mHealth/mHealth.entitlements;
				DEVELOPMENT_TEAM = 896PH5VHX4;
				INFOPLIST_FILE = mHealth/Info.plist;
				LD_RUNPATH_SEARCH_PATHS = "$(inherited) @executable_path/Frameworks";
				PRODUCT_BUNDLE_IDENTIFIER = edu.stjohns.mHealth;
				PRODUCT_NAME = "$(TARGET_NAME)";
				PROVISIONING_PROFILE = "62f56fd9-b7a6-48cf-a507-7bdbfae75c8a";
				PROVISIONING_PROFILE_SPECIFIER = cus1194;
				SWIFT_VERSION = 3.0;
			};
			name = Release;
		};
		2E69EF441E65D36A00F1BC9A /* Debug */ = {
			isa = XCBuildConfiguration;
			buildSettings = {
				ALWAYS_EMBED_SWIFT_STANDARD_LIBRARIES = YES;
				BUNDLE_LOADER = "$(TEST_HOST)";
				DEVELOPMENT_TEAM = UUQTCM99ZH;
				HEADER_SEARCH_PATHS = (
					"${SRCROOT}/Pods/**",
					"$(inherited)/**",
				);
				INFOPLIST_FILE = mHealthTests/Info.plist;
				LD_RUNPATH_SEARCH_PATHS = "$(inherited) @executable_path/Frameworks @loader_path/Frameworks";
				PRODUCT_BUNDLE_IDENTIFIER = com.mHealthTests;
				PRODUCT_NAME = "$(TARGET_NAME)";
				SWIFT_VERSION = 3.0;
				TEST_HOST = "$(BUILT_PRODUCTS_DIR)/mHealth.app/mHealth";
			};
			name = Debug;
		};
		2E69EF451E65D36A00F1BC9A /* Release */ = {
			isa = XCBuildConfiguration;
			buildSettings = {
				ALWAYS_EMBED_SWIFT_STANDARD_LIBRARIES = YES;
				BUNDLE_LOADER = "$(TEST_HOST)";
				DEVELOPMENT_TEAM = UUQTCM99ZH;
				HEADER_SEARCH_PATHS = (
					"${SRCROOT}/Pods/**",
					"$(inherited)/**",
				);
				INFOPLIST_FILE = mHealthTests/Info.plist;
				LD_RUNPATH_SEARCH_PATHS = "$(inherited) @executable_path/Frameworks @loader_path/Frameworks";
				PRODUCT_BUNDLE_IDENTIFIER = com.mHealthTests;
				PRODUCT_NAME = "$(TARGET_NAME)";
				SWIFT_VERSION = 3.0;
				TEST_HOST = "$(BUILT_PRODUCTS_DIR)/mHealth.app/mHealth";
			};
			name = Release;
		};
		2E69EF471E65D36A00F1BC9A /* Debug */ = {
			isa = XCBuildConfiguration;
			buildSettings = {
				ALWAYS_EMBED_SWIFT_STANDARD_LIBRARIES = YES;
				DEVELOPMENT_TEAM = UUQTCM99ZH;
				INFOPLIST_FILE = mHealthUITests/Info.plist;
				LD_RUNPATH_SEARCH_PATHS = "$(inherited) @executable_path/Frameworks @loader_path/Frameworks";
				PRODUCT_BUNDLE_IDENTIFIER = com.mHealthUITests;
				PRODUCT_NAME = "$(TARGET_NAME)";
				SWIFT_VERSION = 3.0;
				TEST_TARGET_NAME = mHealth;
			};
			name = Debug;
		};
		2E69EF481E65D36A00F1BC9A /* Release */ = {
			isa = XCBuildConfiguration;
			buildSettings = {
				ALWAYS_EMBED_SWIFT_STANDARD_LIBRARIES = YES;
				DEVELOPMENT_TEAM = UUQTCM99ZH;
				INFOPLIST_FILE = mHealthUITests/Info.plist;
				LD_RUNPATH_SEARCH_PATHS = "$(inherited) @executable_path/Frameworks @loader_path/Frameworks";
				PRODUCT_BUNDLE_IDENTIFIER = com.mHealthUITests;
				PRODUCT_NAME = "$(TARGET_NAME)";
				SWIFT_VERSION = 3.0;
				TEST_TARGET_NAME = mHealth;
			};
			name = Release;
		};
/* End XCBuildConfiguration section */

/* Begin XCConfigurationList section */
		2E69EF131E65D36A00F1BC9A /* Build configuration list for PBXProject "mHealth" */ = {
			isa = XCConfigurationList;
			buildConfigurations = (
				2E69EF3E1E65D36A00F1BC9A /* Debug */,
				2E69EF3F1E65D36A00F1BC9A /* Release */,
			);
			defaultConfigurationIsVisible = 0;
			defaultConfigurationName = Release;
		};
		2E69EF401E65D36A00F1BC9A /* Build configuration list for PBXNativeTarget "mHealth" */ = {
			isa = XCConfigurationList;
			buildConfigurations = (
				2E69EF411E65D36A00F1BC9A /* Debug */,
				2E69EF421E65D36A00F1BC9A /* Release */,
			);
			defaultConfigurationIsVisible = 0;
			defaultConfigurationName = Release;
		};
		2E69EF431E65D36A00F1BC9A /* Build configuration list for PBXNativeTarget "mHealthTests" */ = {
			isa = XCConfigurationList;
			buildConfigurations = (
				2E69EF441E65D36A00F1BC9A /* Debug */,
				2E69EF451E65D36A00F1BC9A /* Release */,
			);
			defaultConfigurationIsVisible = 0;
			defaultConfigurationName = Release;
		};
		2E69EF461E65D36A00F1BC9A /* Build configuration list for PBXNativeTarget "mHealthUITests" */ = {
			isa = XCConfigurationList;
			buildConfigurations = (
				2E69EF471E65D36A00F1BC9A /* Debug */,
				2E69EF481E65D36A00F1BC9A /* Release */,
			);
			defaultConfigurationIsVisible = 0;
			defaultConfigurationName = Release;
		};
/* End XCConfigurationList section */
	};
	rootObject = 2E69EF101E65D36A00F1BC9A /* Project object */;
}
