// !$*UTF8*$!
{
	archiveVersion = 1;
	classes = {
	};
	objectVersion = 46;
	objects = {

/* Begin PBXBuildFile section */
		2E0378361E82A63F00FF1AB3 /* mainTB.png in Resources */ = {isa = PBXBuildFile; fileRef = 2E0378351E82A63F00FF1AB3 /* mainTB.png */; };
		2E09F7B41E77B77200EE2F0A /* ProfileTableTableViewController.swift in Sources */ = {isa = PBXBuildFile; fileRef = 2E09F7B31E77B77200EE2F0A /* ProfileTableTableViewController.swift */; };
		2E2AE2651E6A63CE00C3A9D5 /* CreateAccountViewController.swift in Sources */ = {isa = PBXBuildFile; fileRef = 2E2AE2641E6A63CE00C3A9D5 /* CreateAccountViewController.swift */; };
		2E31FD681E796D7F00CE67A2 /* PedometerViewController.swift in Sources */ = {isa = PBXBuildFile; fileRef = 2E31FD671E796D7F00CE67A2 /* PedometerViewController.swift */; };
		2E3CCA311E85E8AF00F9FE2E /* RunsTableViewController.swift in Sources */ = {isa = PBXBuildFile; fileRef = 2E3CCA301E85E8AF00F9FE2E /* RunsTableViewController.swift */; };
		2E3CCA351E85EBB300F9FE2E /* RunsTableViewCell.swift in Sources */ = {isa = PBXBuildFile; fileRef = 2E3CCA341E85EBB300F9FE2E /* RunsTableViewCell.swift */; };
		2E69EF1C1E65D36A00F1BC9A /* AppDelegate.swift in Sources */ = {isa = PBXBuildFile; fileRef = 2E69EF1B1E65D36A00F1BC9A /* AppDelegate.swift */; };
		2E69EF1E1E65D36A00F1BC9A /* ViewController.swift in Sources */ = {isa = PBXBuildFile; fileRef = 2E69EF1D1E65D36A00F1BC9A /* ViewController.swift */; };
		2E69EF231E65D36A00F1BC9A /* Assets.xcassets in Resources */ = {isa = PBXBuildFile; fileRef = 2E69EF221E65D36A00F1BC9A /* Assets.xcassets */; };
		2E69EF261E65D36A00F1BC9A /* LaunchScreen.storyboard in Resources */ = {isa = PBXBuildFile; fileRef = 2E69EF241E65D36A00F1BC9A /* LaunchScreen.storyboard */; };
		2E69EF311E65D36A00F1BC9A /* mHealthTests.swift in Sources */ = {isa = PBXBuildFile; fileRef = 2E69EF301E65D36A00F1BC9A /* mHealthTests.swift */; };
		2E69EF3C1E65D36A00F1BC9A /* mHealthUITests.swift in Sources */ = {isa = PBXBuildFile; fileRef = 2E69EF3B1E65D36A00F1BC9A /* mHealthUITests.swift */; };
		2E69EF731E6600BD00F1BC9A /* HealthKit.framework in Frameworks */ = {isa = PBXBuildFile; fileRef = 2E69EF721E6600BD00F1BC9A /* HealthKit.framework */; };
		2E764EFC1E65D64F0082CC42 /* GoogleService-Info.plist in Resources */ = {isa = PBXBuildFile; fileRef = 2E764EFB1E65D64F0082CC42 /* GoogleService-Info.plist */; };
		2E7C81F71E82ACA600BCECA4 /* blue-btn.png in Resources */ = {isa = PBXBuildFile; fileRef = 2E7C81F51E82ACA600BCECA4 /* blue-btn.png */; };
		2E7C81F81E82ACA600BCECA4 /* green-btn.png in Resources */ = {isa = PBXBuildFile; fileRef = 2E7C81F61E82ACA600BCECA4 /* green-btn.png */; };
		2E7C81FA1E82ACAE00BCECA4 /* red-btn.png in Resources */ = {isa = PBXBuildFile; fileRef = 2E7C81F91E82ACAE00BCECA4 /* red-btn.png */; };
		2E9286BB1E79E16B00E75230 /* mHealthUser.swift in Sources */ = {isa = PBXBuildFile; fileRef = 2E9286BA1E79E16B00E75230 /* mHealthUser.swift */; };
		2E9286BD1E7B650E00E75230 /* UserHKData.swift in Sources */ = {isa = PBXBuildFile; fileRef = 2E9286BC1E7B650E00E75230 /* UserHKData.swift */; };
		2E9286C11E7B920100E75230 /* Util.swift in Sources */ = {isa = PBXBuildFile; fileRef = 2E9286C01E7B920100E75230 /* Util.swift */; };
		2E99C58E1E70911900439E41 /* HKHealthStoreExtension.swift in Sources */ = {isa = PBXBuildFile; fileRef = 2E99C58D1E70911900439E41 /* HKHealthStoreExtension.swift */; };
		2EA6F7E41E81E708002969A5 /* HomeViewController.swift in Sources */ = {isa = PBXBuildFile; fileRef = 2EA6F7E31E81E708002969A5 /* HomeViewController.swift */; };
		2EA6F7E61E81E8EA002969A5 /* NewRunViewController.swift in Sources */ = {isa = PBXBuildFile; fileRef = 2EA6F7E51E81E8EA002969A5 /* NewRunViewController.swift */; };
		2EA6F7E81E81E998002969A5 /* Run.swift in Sources */ = {isa = PBXBuildFile; fileRef = 2EA6F7E71E81E998002969A5 /* Run.swift */; };
		2EA6F7F21E81EC01002969A5 /* Location.swift in Sources */ = {isa = PBXBuildFile; fileRef = 2EA6F7F11E81EC01002969A5 /* Location.swift */; };
		2EA6F7F61E822B5F002969A5 /* MapKit.framework in Frameworks */ = {isa = PBXBuildFile; fileRef = 2EA6F7F51E822B5F002969A5 /* MapKit.framework */; };
		2EA6F7FD1E822F01002969A5 /* mHealth.xcdatamodeld in Sources */ = {isa = PBXBuildFile; fileRef = 2EA6F7FB1E822F01002969A5 /* mHealth.xcdatamodeld */; };
		2EA80D0F1E88C59D00E3A3F1 /* Main.storyboard in Resources */ = {isa = PBXBuildFile; fileRef = 2EA80D0D1E88C59D00E3A3F1 /* Main.storyboard */; };
		2EA80D111E8A02B900E3A3F1 /* CalorieTableViewCell.swift in Sources */ = {isa = PBXBuildFile; fileRef = 2EA80D101E8A02B900E3A3F1 /* CalorieTableViewCell.swift */; };
		2EB3FDCC1E920B110069781F /* MainScreenViewController.swift in Sources */ = {isa = PBXBuildFile; fileRef = 2EB3FDCB1E920B110069781F /* MainScreenViewController.swift */; };
		2EB3FDCE1E9305010069781F /* DistanceLineGraphViewController.swift in Sources */ = {isa = PBXBuildFile; fileRef = 2EB3FDCD1E9305010069781F /* DistanceLineGraphViewController.swift */; };
		2EB8F5251E78F07B0041BE03 /* cherry.png in Resources */ = {isa = PBXBuildFile; fileRef = 2EB8F5241E78F07B0041BE03 /* cherry.png */; };
		2EB8F5291E78FF680041BE03 /* nurse.png in Resources */ = {isa = PBXBuildFile; fileRef = 2EB8F5281E78FF680041BE03 /* nurse.png */; };
		2EBFA4D21E8DF6510069E9A0 /* MotionActivity.swift in Sources */ = {isa = PBXBuildFile; fileRef = 2EBFA4D11E8DF6510069E9A0 /* MotionActivity.swift */; };
		2EDE97F91E82EDB200996E68 /* DetailViewController.swift in Sources */ = {isa = PBXBuildFile; fileRef = 2EDE97F81E82EDB200996E68 /* DetailViewController.swift */; };
		2EDE97FB1E82EDF000996E68 /* MulticolorPolylineSegment.swift in Sources */ = {isa = PBXBuildFile; fileRef = 2EDE97FA1E82EDF000996E68 /* MulticolorPolylineSegment.swift */; };
		2EDE97FD1E83499A00996E68 /* FirebaseRun.swift in Sources */ = {isa = PBXBuildFile; fileRef = 2EDE97FC1E83499A00996E68 /* FirebaseRun.swift */; };
		2EE80AFC1E68ACCC000956DE /* healthIcon.jpeg in Resources */ = {isa = PBXBuildFile; fileRef = 2EE80AFB1E68ACCC000956DE /* healthIcon.jpeg */; };
		2EE80AFF1E68AEF2000956DE /* User.swift in Sources */ = {isa = PBXBuildFile; fileRef = 2EE80AFE1E68AEF2000956DE /* User.swift */; };
		2EE80B021E6900A3000956DE /* CalorieTracker.swift in Sources */ = {isa = PBXBuildFile; fileRef = 2EE80B011E6900A3000956DE /* CalorieTracker.swift */; };
		2EE80B041E690478000956DE /* FoodItem.swift in Sources */ = {isa = PBXBuildFile; fileRef = 2EE80B031E690478000956DE /* FoodItem.swift */; };
		2EF730BB1E8442C9006A2734 /* FirebaseRunsViewController.swift in Sources */ = {isa = PBXBuildFile; fileRef = 2EF730BA1E8442C9006A2734 /* FirebaseRunsViewController.swift */; };
		2EFC7C251E7778560033173E /* HealthManager.swift in Sources */ = {isa = PBXBuildFile; fileRef = 2EFC7C241E7778560033173E /* HealthManager.swift */; };
		D3E99D63B6D79540EB6F6DA6 /* Pods_mHealth.framework in Frameworks */ = {isa = PBXBuildFile; fileRef = F24E72EE1D1F73AA5F76F95B /* Pods_mHealth.framework */; };
/* End PBXBuildFile section */

/* Begin PBXContainerItemProxy section */
		2E69EF2D1E65D36A00F1BC9A /* PBXContainerItemProxy */ = {
			isa = PBXContainerItemProxy;
			containerPortal = 2E69EF101E65D36A00F1BC9A /* Project object */;
			proxyType = 1;
			remoteGlobalIDString = 2E69EF171E65D36A00F1BC9A;
			remoteInfo = mHealth;
		};
		2E69EF381E65D36A00F1BC9A /* PBXContainerItemProxy */ = {
			isa = PBXContainerItemProxy;
			containerPortal = 2E69EF101E65D36A00F1BC9A /* Project object */;
			proxyType = 1;
			remoteGlobalIDString = 2E69EF171E65D36A00F1BC9A;
			remoteInfo = mHealth;
		};
/* End PBXContainerItemProxy section */

/* Begin PBXCopyFilesBuildPhase section */
		2EB3FDEE1E930A650069781F /* Embed Frameworks */ = {
			isa = PBXCopyFilesBuildPhase;
			buildActionMask = 2147483647;
			dstPath = "";
			dstSubfolderSpec = 10;
			files = (
			);
			name = "Embed Frameworks";
			runOnlyForDeploymentPostprocessing = 0;
		};
/* End PBXCopyFilesBuildPhase section */

/* Begin PBXFileReference section */
		04B205F87A2A279AAC0909A9 /* Pods-mHealth.release.xcconfig */ = {isa = PBXFileReference; includeInIndex = 1; lastKnownFileType = text.xcconfig; name = "Pods-mHealth.release.xcconfig"; path = "Pods/Target Support Files/Pods-mHealth/Pods-mHealth.release.xcconfig"; sourceTree = "<group>"; };
		2E0378351E82A63F00FF1AB3 /* mainTB.png */ = {isa = PBXFileReference; lastKnownFileType = image.png; path = mainTB.png; sourceTree = "<group>"; };
		2E09F7B31E77B77200EE2F0A /* ProfileTableTableViewController.swift */ = {isa = PBXFileReference; fileEncoding = 4; lastKnownFileType = sourcecode.swift; path = ProfileTableTableViewController.swift; sourceTree = "<group>"; };
		2E2AE2641E6A63CE00C3A9D5 /* CreateAccountViewController.swift */ = {isa = PBXFileReference; fileEncoding = 4; lastKnownFileType = sourcecode.swift; path = CreateAccountViewController.swift; sourceTree = "<group>"; };
		2E31FD671E796D7F00CE67A2 /* PedometerViewController.swift */ = {isa = PBXFileReference; fileEncoding = 4; lastKnownFileType = sourcecode.swift; path = PedometerViewController.swift; sourceTree = "<group>"; };
		2E3CCA301E85E8AF00F9FE2E /* RunsTableViewController.swift */ = {isa = PBXFileReference; fileEncoding = 4; lastKnownFileType = sourcecode.swift; path = RunsTableViewController.swift; sourceTree = "<group>"; };
		2E3CCA341E85EBB300F9FE2E /* RunsTableViewCell.swift */ = {isa = PBXFileReference; fileEncoding = 4; lastKnownFileType = sourcecode.swift; path = RunsTableViewCell.swift; sourceTree = "<group>"; };
		2E69EF181E65D36A00F1BC9A /* mHealth.app */ = {isa = PBXFileReference; explicitFileType = wrapper.application; includeInIndex = 0; path = mHealth.app; sourceTree = BUILT_PRODUCTS_DIR; };
		2E69EF1B1E65D36A00F1BC9A /* AppDelegate.swift */ = {isa = PBXFileReference; lastKnownFileType = sourcecode.swift; path = AppDelegate.swift; sourceTree = "<group>"; };
		2E69EF1D1E65D36A00F1BC9A /* ViewController.swift */ = {isa = PBXFileReference; lastKnownFileType = sourcecode.swift; path = ViewController.swift; sourceTree = "<group>"; };
		2E69EF221E65D36A00F1BC9A /* Assets.xcassets */ = {isa = PBXFileReference; lastKnownFileType = folder.assetcatalog; path = Assets.xcassets; sourceTree = "<group>"; };
		2E69EF251E65D36A00F1BC9A /* Base */ = {isa = PBXFileReference; lastKnownFileType = file.storyboard; name = Base; path = Base.lproj/LaunchScreen.storyboard; sourceTree = "<group>"; };
		2E69EF271E65D36A00F1BC9A /* Info.plist */ = {isa = PBXFileReference; lastKnownFileType = text.plist.xml; path = Info.plist; sourceTree = "<group>"; };
		2E69EF2C1E65D36A00F1BC9A /* mHealthTests.xctest */ = {isa = PBXFileReference; explicitFileType = wrapper.cfbundle; includeInIndex = 0; path = mHealthTests.xctest; sourceTree = BUILT_PRODUCTS_DIR; };
		2E69EF301E65D36A00F1BC9A /* mHealthTests.swift */ = {isa = PBXFileReference; lastKnownFileType = sourcecode.swift; path = mHealthTests.swift; sourceTree = "<group>"; };
		2E69EF321E65D36A00F1BC9A /* Info.plist */ = {isa = PBXFileReference; lastKnownFileType = text.plist.xml; path = Info.plist; sourceTree = "<group>"; };
		2E69EF371E65D36A00F1BC9A /* mHealthUITests.xctest */ = {isa = PBXFileReference; explicitFileType = wrapper.cfbundle; includeInIndex = 0; path = mHealthUITests.xctest; sourceTree = BUILT_PRODUCTS_DIR; };
		2E69EF3B1E65D36A00F1BC9A /* mHealthUITests.swift */ = {isa = PBXFileReference; lastKnownFileType = sourcecode.swift; path = mHealthUITests.swift; sourceTree = "<group>"; };
		2E69EF3D1E65D36A00F1BC9A /* Info.plist */ = {isa = PBXFileReference; lastKnownFileType = text.plist.xml; path = Info.plist; sourceTree = "<group>"; };
		2E69EF711E6600BD00F1BC9A /* mHealth.entitlements */ = {isa = PBXFileReference; lastKnownFileType = text.plist.entitlements; path = mHealth.entitlements; sourceTree = "<group>"; };
		2E69EF721E6600BD00F1BC9A /* HealthKit.framework */ = {isa = PBXFileReference; lastKnownFileType = wrapper.framework; name = HealthKit.framework; path = System/Library/Frameworks/HealthKit.framework; sourceTree = SDKROOT; };
		2E764EFB1E65D64F0082CC42 /* GoogleService-Info.plist */ = {isa = PBXFileReference; fileEncoding = 4; lastKnownFileType = text.plist.xml; path = "GoogleService-Info.plist"; sourceTree = "<group>"; };
		2E7C81F51E82ACA600BCECA4 /* blue-btn.png */ = {isa = PBXFileReference; lastKnownFileType = image.png; path = "blue-btn.png"; sourceTree = "<group>"; };
		2E7C81F61E82ACA600BCECA4 /* green-btn.png */ = {isa = PBXFileReference; lastKnownFileType = image.png; path = "green-btn.png"; sourceTree = "<group>"; };
		2E7C81F91E82ACAE00BCECA4 /* red-btn.png */ = {isa = PBXFileReference; lastKnownFileType = image.png; path = "red-btn.png"; sourceTree = "<group>"; };
		2E9286BA1E79E16B00E75230 /* mHealthUser.swift */ = {isa = PBXFileReference; fileEncoding = 4; lastKnownFileType = sourcecode.swift; path = mHealthUser.swift; sourceTree = "<group>"; };
		2E9286BC1E7B650E00E75230 /* UserHKData.swift */ = {isa = PBXFileReference; fileEncoding = 4; lastKnownFileType = sourcecode.swift; path = UserHKData.swift; sourceTree = "<group>"; };
		2E9286C01E7B920100E75230 /* Util.swift */ = {isa = PBXFileReference; fileEncoding = 4; lastKnownFileType = sourcecode.swift; path = Util.swift; sourceTree = "<group>"; };
		2E99C58D1E70911900439E41 /* HKHealthStoreExtension.swift */ = {isa = PBXFileReference; fileEncoding = 4; lastKnownFileType = sourcecode.swift; path = HKHealthStoreExtension.swift; sourceTree = "<group>"; };
		2EA6F7E31E81E708002969A5 /* HomeViewController.swift */ = {isa = PBXFileReference; fileEncoding = 4; lastKnownFileType = sourcecode.swift; name = HomeViewController.swift; path = Tracker/HomeViewController.swift; sourceTree = "<group>"; };
		2EA6F7E51E81E8EA002969A5 /* NewRunViewController.swift */ = {isa = PBXFileReference; fileEncoding = 4; lastKnownFileType = sourcecode.swift; name = NewRunViewController.swift; path = Tracker/NewRunViewController.swift; sourceTree = "<group>"; };
		2EA6F7E71E81E998002969A5 /* Run.swift */ = {isa = PBXFileReference; fileEncoding = 4; lastKnownFileType = sourcecode.swift; name = Run.swift; path = mHealth/Tracker/Run.swift; sourceTree = "<group>"; };
		2EA6F7F11E81EC01002969A5 /* Location.swift */ = {isa = PBXFileReference; fileEncoding = 4; lastKnownFileType = sourcecode.swift; name = Location.swift; path = mHealth/Tracker/Location.swift; sourceTree = "<group>"; };
		2EA6F7F51E822B5F002969A5 /* MapKit.framework */ = {isa = PBXFileReference; lastKnownFileType = wrapper.framework; name = MapKit.framework; path = System/Library/Frameworks/MapKit.framework; sourceTree = SDKROOT; };
		2EA6F7FC1E822F01002969A5 /* MoonRunner.xcdatamodel */ = {isa = PBXFileReference; lastKnownFileType = wrapper.xcdatamodel; path = MoonRunner.xcdatamodel; sourceTree = "<group>"; };
		2EA80D0E1E88C59D00E3A3F1 /* Base */ = {isa = PBXFileReference; lastKnownFileType = file.storyboard; name = Base; path = Base.lproj/Main.storyboard; sourceTree = "<group>"; };
		2EA80D101E8A02B900E3A3F1 /* CalorieTableViewCell.swift */ = {isa = PBXFileReference; fileEncoding = 4; lastKnownFileType = sourcecode.swift; path = CalorieTableViewCell.swift; sourceTree = "<group>"; };
		2EB3FDCB1E920B110069781F /* MainScreenViewController.swift */ = {isa = PBXFileReference; fileEncoding = 4; lastKnownFileType = sourcecode.swift; path = MainScreenViewController.swift; sourceTree = "<group>"; };
		2EB3FDCD1E9305010069781F /* DistanceLineGraphViewController.swift */ = {isa = PBXFileReference; fileEncoding = 4; lastKnownFileType = sourcecode.swift; path = DistanceLineGraphViewController.swift; sourceTree = "<group>"; };
		2EB3FE781E9316150069781F /* JBChartView-Bridging-Header.h */ = {isa = PBXFileReference; lastKnownFileType = sourcecode.c.h; path = "JBChartView-Bridging-Header.h"; sourceTree = "<group>"; };
		2EB8F5241E78F07B0041BE03 /* cherry.png */ = {isa = PBXFileReference; lastKnownFileType = image.png; name = cherry.png; path = mHealth/cherry.png; sourceTree = "<group>"; };
		2EB8F5281E78FF680041BE03 /* nurse.png */ = {isa = PBXFileReference; lastKnownFileType = image.png; name = nurse.png; path = mHealth/nurse.png; sourceTree = "<group>"; };
		2EBFA4D11E8DF6510069E9A0 /* MotionActivity.swift */ = {isa = PBXFileReference; fileEncoding = 4; lastKnownFileType = sourcecode.swift; path = MotionActivity.swift; sourceTree = "<group>"; };
		2EDE97F81E82EDB200996E68 /* DetailViewController.swift */ = {isa = PBXFileReference; fileEncoding = 4; lastKnownFileType = sourcecode.swift; path = DetailViewController.swift; sourceTree = "<group>"; };
		2EDE97FA1E82EDF000996E68 /* MulticolorPolylineSegment.swift */ = {isa = PBXFileReference; fileEncoding = 4; lastKnownFileType = sourcecode.swift; name = MulticolorPolylineSegment.swift; path = mHealth/MulticolorPolylineSegment.swift; sourceTree = "<group>"; };
		2EDE97FC1E83499A00996E68 /* FirebaseRun.swift */ = {isa = PBXFileReference; fileEncoding = 4; lastKnownFileType = sourcecode.swift; path = FirebaseRun.swift; sourceTree = "<group>"; };
		2EE80AFB1E68ACCC000956DE /* healthIcon.jpeg */ = {isa = PBXFileReference; lastKnownFileType = image.jpeg; name = healthIcon.jpeg; path = mHealth/healthIcon.jpeg; sourceTree = "<group>"; };
		2EE80AFE1E68AEF2000956DE /* User.swift */ = {isa = PBXFileReference; fileEncoding = 4; lastKnownFileType = sourcecode.swift; path = User.swift; sourceTree = "<group>"; };
		2EE80B011E6900A3000956DE /* CalorieTracker.swift */ = {isa = PBXFileReference; fileEncoding = 4; lastKnownFileType = sourcecode.swift; path = CalorieTracker.swift; sourceTree = "<group>"; };
		2EE80B031E690478000956DE /* FoodItem.swift */ = {isa = PBXFileReference; fileEncoding = 4; lastKnownFileType = sourcecode.swift; path = FoodItem.swift; sourceTree = "<group>"; };
		2EF730BA1E8442C9006A2734 /* FirebaseRunsViewController.swift */ = {isa = PBXFileReference; fileEncoding = 4; lastKnownFileType = sourcecode.swift; path = FirebaseRunsViewController.swift; sourceTree = "<group>"; };
		2EFC7C241E7778560033173E /* HealthManager.swift */ = {isa = PBXFileReference; fileEncoding = 4; lastKnownFileType = sourcecode.swift; path = HealthManager.swift; sourceTree = "<group>"; };
		AC661691064ACA7ABEC578C4 /* Pods-mHealth.debug.xcconfig */ = {isa = PBXFileReference; includeInIndex = 1; lastKnownFileType = text.xcconfig; name = "Pods-mHealth.debug.xcconfig"; path = "Pods/Target Support Files/Pods-mHealth/Pods-mHealth.debug.xcconfig"; sourceTree = "<group>"; };
		F24E72EE1D1F73AA5F76F95B /* Pods_mHealth.framework */ = {isa = PBXFileReference; explicitFileType = wrapper.framework; includeInIndex = 0; path = Pods_mHealth.framework; sourceTree = BUILT_PRODUCTS_DIR; };
/* End PBXFileReference section */

/* Begin PBXFrameworksBuildPhase section */
		2E69EF151E65D36A00F1BC9A /* Frameworks */ = {
			isa = PBXFrameworksBuildPhase;
			buildActionMask = 2147483647;
			files = (
				D3E99D63B6D79540EB6F6DA6 /* Pods_mHealth.framework in Frameworks */,
				2EA6F7F61E822B5F002969A5 /* MapKit.framework in Frameworks */,
				2E69EF731E6600BD00F1BC9A /* HealthKit.framework in Frameworks */,
			);
			runOnlyForDeploymentPostprocessing = 0;
		};
		2E69EF291E65D36A00F1BC9A /* Frameworks */ = {
			isa = PBXFrameworksBuildPhase;
			buildActionMask = 2147483647;
			files = (
			);
			runOnlyForDeploymentPostprocessing = 0;
		};
		2E69EF341E65D36A00F1BC9A /* Frameworks */ = {
			isa = PBXFrameworksBuildPhase;
			buildActionMask = 2147483647;
			files = (
			);
			runOnlyForDeploymentPostprocessing = 0;
		};
/* End PBXFrameworksBuildPhase section */

/* Begin PBXGroup section */
		1CE94B91F92B409DBB9E72D0 /* Pods */ = {
			isa = PBXGroup;
			children = (
				AC661691064ACA7ABEC578C4 /* Pods-mHealth.debug.xcconfig */,
				04B205F87A2A279AAC0909A9 /* Pods-mHealth.release.xcconfig */,
			);
			name = Pods;
			sourceTree = "<group>";
		};
		2E69EF0F1E65D36A00F1BC9A = {
			isa = PBXGroup;
			children = (
				2EB3FE781E9316150069781F /* JBChartView-Bridging-Header.h */,
				2E69EF1A1E65D36A00F1BC9A /* mHealth */,
				2EE80AFD1E68AED8000956DE /* Models */,
				2EE80AF81E68ABF7000956DE /* Resources */,
				2E69EF2F1E65D36A00F1BC9A /* mHealthTests */,
				2E69EF3A1E65D36A00F1BC9A /* mHealthUITests */,
				2E69EF191E65D36A00F1BC9A /* Products */,
				1CE94B91F92B409DBB9E72D0 /* Pods */,
				CE767B442FDD135AE8D57B61 /* Frameworks */,
			);
			sourceTree = "<group>";
		};
		2E69EF191E65D36A00F1BC9A /* Products */ = {
			isa = PBXGroup;
			children = (
				2E69EF181E65D36A00F1BC9A /* mHealth.app */,
				2E69EF2C1E65D36A00F1BC9A /* mHealthTests.xctest */,
				2E69EF371E65D36A00F1BC9A /* mHealthUITests.xctest */,
			);
			name = Products;
			sourceTree = "<group>";
		};
		2E69EF1A1E65D36A00F1BC9A /* mHealth */ = {
			isa = PBXGroup;
			children = (
				2EE80B001E690088000956DE /* mHealth Swift Files */,
				2E69EF711E6600BD00F1BC9A /* mHealth.entitlements */,
				2E69EF1B1E65D36A00F1BC9A /* AppDelegate.swift */,
				2E69EF221E65D36A00F1BC9A /* Assets.xcassets */,
				2EA80D0D1E88C59D00E3A3F1 /* Main.storyboard */,
				2E69EF241E65D36A00F1BC9A /* LaunchScreen.storyboard */,
				2E69EF271E65D36A00F1BC9A /* Info.plist */,
				2E764EFB1E65D64F0082CC42 /* GoogleService-Info.plist */,
			);
			path = mHealth;
			sourceTree = "<group>";
		};
		2E69EF2F1E65D36A00F1BC9A /* mHealthTests */ = {
			isa = PBXGroup;
			children = (
				2E69EF301E65D36A00F1BC9A /* mHealthTests.swift */,
				2E69EF321E65D36A00F1BC9A /* Info.plist */,
			);
			path = mHealthTests;
			sourceTree = "<group>";
		};
		2E69EF3A1E65D36A00F1BC9A /* mHealthUITests */ = {
			isa = PBXGroup;
			children = (
				2E69EF3B1E65D36A00F1BC9A /* mHealthUITests.swift */,
				2E69EF3D1E65D36A00F1BC9A /* Info.plist */,
			);
			path = mHealthUITests;
			sourceTree = "<group>";
		};
		2EBFA4C81E8DF2CA0069E9A0 /* Run Views */ = {
			isa = PBXGroup;
			children = (
				2EA6F7E51E81E8EA002969A5 /* NewRunViewController.swift */,
				2EF730BA1E8442C9006A2734 /* FirebaseRunsViewController.swift */,
				2E3CCA301E85E8AF00F9FE2E /* RunsTableViewController.swift */,
				2E3CCA341E85EBB300F9FE2E /* RunsTableViewCell.swift */,
				2EDE97F81E82EDB200996E68 /* DetailViewController.swift */,
				2EA6F7E31E81E708002969A5 /* HomeViewController.swift */,
			);
			name = "Run Views";
			sourceTree = "<group>";
		};
		2EBFA4C91E8DF2F40069E9A0 /* Basic Views */ = {
			isa = PBXGroup;
			children = (
				2E69EF1D1E65D36A00F1BC9A /* ViewController.swift */,
				2E2AE2641E6A63CE00C3A9D5 /* CreateAccountViewController.swift */,
			);
			name = "Basic Views";
			sourceTree = "<group>";
		};
		2EBFA4CA1E8DF34D0069E9A0 /* HealthKit View */ = {
			isa = PBXGroup;
			children = (
				2E09F7B31E77B77200EE2F0A /* ProfileTableTableViewController.swift */,
			);
			name = "HealthKit View";
			sourceTree = "<group>";
		};
		2EBFA4CB1E8DF3650069E9A0 /* Test Views */ = {
			isa = PBXGroup;
			children = (
				2E31FD671E796D7F00CE67A2 /* PedometerViewController.swift */,
				2EB3FDCB1E920B110069781F /* MainScreenViewController.swift */,
				2EB3FDCD1E9305010069781F /* DistanceLineGraphViewController.swift */,
			);
			name = "Test Views";
			sourceTree = "<group>";
		};
		2EBFA4CC1E8DF3760069E9A0 /* Calorie Views */ = {
			isa = PBXGroup;
			children = (
				2EA80D101E8A02B900E3A3F1 /* CalorieTableViewCell.swift */,
				2EE80B011E6900A3000956DE /* CalorieTracker.swift */,
			);
			name = "Calorie Views";
			sourceTree = "<group>";
		};
		2EBFA4CD1E8DF5E70069E9A0 /* Firebase */ = {
			isa = PBXGroup;
			children = (
				2EE80AFE1E68AEF2000956DE /* User.swift */,
				2EE80B031E690478000956DE /* FoodItem.swift */,
				2E9286BA1E79E16B00E75230 /* mHealthUser.swift */,
				2EDE97FC1E83499A00996E68 /* FirebaseRun.swift */,
			);
			name = Firebase;
			sourceTree = "<group>";
		};
		2EBFA4CE1E8DF6010069E9A0 /* HealthKit */ = {
			isa = PBXGroup;
			children = (
				2EFC7C241E7778560033173E /* HealthManager.swift */,
				2E99C58D1E70911900439E41 /* HKHealthStoreExtension.swift */,
				2E9286BC1E7B650E00E75230 /* UserHKData.swift */,
			);
			name = HealthKit;
			sourceTree = "<group>";
		};
		2EBFA4CF1E8DF6240069E9A0 /* Maps */ = {
			isa = PBXGroup;
			children = (
				2EDE97FA1E82EDF000996E68 /* MulticolorPolylineSegment.swift */,
				2EA6F7F11E81EC01002969A5 /* Location.swift */,
				2EA6F7E71E81E998002969A5 /* Run.swift */,
				2EA6F7FB1E822F01002969A5 /* mHealth.xcdatamodeld */,
			);
			name = Maps;
			sourceTree = "<group>";
		};
		2EBFA4D01E8DF6420069E9A0 /* Pedometer */ = {
			isa = PBXGroup;
			children = (
				2EBFA4D11E8DF6510069E9A0 /* MotionActivity.swift */,
			);
			name = Pedometer;
			sourceTree = "<group>";
		};
		2EE80AF81E68ABF7000956DE /* Resources */ = {
			isa = PBXGroup;
			children = (
				2EE80AFB1E68ACCC000956DE /* healthIcon.jpeg */,
				2E0378351E82A63F00FF1AB3 /* mainTB.png */,
				2EB8F5241E78F07B0041BE03 /* cherry.png */,
				2EB8F5281E78FF680041BE03 /* nurse.png */,
				2E7C81F51E82ACA600BCECA4 /* blue-btn.png */,
				2E7C81F61E82ACA600BCECA4 /* green-btn.png */,
				2E7C81F91E82ACAE00BCECA4 /* red-btn.png */,
			);
			name = Resources;
			sourceTree = "<group>";
		};
		2EE80AFD1E68AED8000956DE /* Models */ = {
			isa = PBXGroup;
			children = (
				2EBFA4D01E8DF6420069E9A0 /* Pedometer */,
				2EBFA4CF1E8DF6240069E9A0 /* Maps */,
				2EBFA4CE1E8DF6010069E9A0 /* HealthKit */,
				2EBFA4CD1E8DF5E70069E9A0 /* Firebase */,
				2E9286C01E7B920100E75230 /* Util.swift */,
			);
			name = Models;
			sourceTree = "<group>";
		};
		2EE80B001E690088000956DE /* mHealth Swift Files */ = {
			isa = PBXGroup;
			children = (
				2EBFA4C91E8DF2F40069E9A0 /* Basic Views */,
				2EBFA4CC1E8DF3760069E9A0 /* Calorie Views */,
				2EBFA4CA1E8DF34D0069E9A0 /* HealthKit View */,
				2EBFA4C81E8DF2CA0069E9A0 /* Run Views */,
				2EBFA4CB1E8DF3650069E9A0 /* Test Views */,
			);
			name = "mHealth Swift Files";
			sourceTree = "<group>";
		};
		CE767B442FDD135AE8D57B61 /* Frameworks */ = {
			isa = PBXGroup;
			children = (
				2EA6F7F51E822B5F002969A5 /* MapKit.framework */,
				2E69EF721E6600BD00F1BC9A /* HealthKit.framework */,
				F24E72EE1D1F73AA5F76F95B /* Pods_mHealth.framework */,
			);
			name = Frameworks;
			sourceTree = "<group>";
		};
/* End PBXGroup section */

/* Begin PBXNativeTarget section */
		2E69EF171E65D36A00F1BC9A /* mHealth */ = {
			isa = PBXNativeTarget;
			buildConfigurationList = 2E69EF401E65D36A00F1BC9A /* Build configuration list for PBXNativeTarget "mHealth" */;
			buildPhases = (
				A6C213C2889D60599001D2BF /* [CP] Check Pods Manifest.lock */,
				2E69EF141E65D36A00F1BC9A /* Sources */,
				2E69EF151E65D36A00F1BC9A /* Frameworks */,
				2E69EF161E65D36A00F1BC9A /* Resources */,
				74D82B6E9891EF4C1F49798E /* [CP] Embed Pods Frameworks */,
				33CEA704DB03FD541A85E6B1 /* [CP] Copy Pods Resources */,
				2EB3FDEE1E930A650069781F /* Embed Frameworks */,
			);
			buildRules = (
			);
			dependencies = (
			);
			name = mHealth;
			productName = mHealth;
			productReference = 2E69EF181E65D36A00F1BC9A /* mHealth.app */;
			productType = "com.apple.product-type.application";
		};
		2E69EF2B1E65D36A00F1BC9A /* mHealthTests */ = {
			isa = PBXNativeTarget;
			buildConfigurationList = 2E69EF431E65D36A00F1BC9A /* Build configuration list for PBXNativeTarget "mHealthTests" */;
			buildPhases = (
				2E69EF281E65D36A00F1BC9A /* Sources */,
				2E69EF291E65D36A00F1BC9A /* Frameworks */,
				2E69EF2A1E65D36A00F1BC9A /* Resources */,
			);
			buildRules = (
			);
			dependencies = (
				2E69EF2E1E65D36A00F1BC9A /* PBXTargetDependency */,
			);
			name = mHealthTests;
			productName = mHealthTests;
			productReference = 2E69EF2C1E65D36A00F1BC9A /* mHealthTests.xctest */;
			productType = "com.apple.product-type.bundle.unit-test";
		};
		2E69EF361E65D36A00F1BC9A /* mHealthUITests */ = {
			isa = PBXNativeTarget;
			buildConfigurationList = 2E69EF461E65D36A00F1BC9A /* Build configuration list for PBXNativeTarget "mHealthUITests" */;
			buildPhases = (
				2E69EF331E65D36A00F1BC9A /* Sources */,
				2E69EF341E65D36A00F1BC9A /* Frameworks */,
				2E69EF351E65D36A00F1BC9A /* Resources */,
			);
			buildRules = (
			);
			dependencies = (
				2E69EF391E65D36A00F1BC9A /* PBXTargetDependency */,
			);
			name = mHealthUITests;
			productName = mHealthUITests;
			productReference = 2E69EF371E65D36A00F1BC9A /* mHealthUITests.xctest */;
			productType = "com.apple.product-type.bundle.ui-testing";
		};
/* End PBXNativeTarget section */

/* Begin PBXProject section */
		2E69EF101E65D36A00F1BC9A /* Project object */ = {
			isa = PBXProject;
			attributes = {
				LastSwiftUpdateCheck = 0820;
				LastUpgradeCheck = 0820;
				ORGANIZATIONNAME = JTMax;
				TargetAttributes = {
					2E69EF171E65D36A00F1BC9A = {
						CreatedOnToolsVersion = 8.2.1;
						DevelopmentTeam = 896PH5VHX4;
						ProvisioningStyle = Manual;
						SystemCapabilities = {
							com.apple.BackgroundModes = {
								enabled = 1;
							};
							com.apple.HealthKit = {
								enabled = 1;
							};
							com.apple.Keychain = {
								enabled = 1;
							};
							com.apple.Maps.iOS = {
								enabled = 1;
							};
						};
					};
					2E69EF2B1E65D36A00F1BC9A = {
						CreatedOnToolsVersion = 8.2.1;
						DevelopmentTeam = UUQTCM99ZH;
						ProvisioningStyle = Automatic;
						TestTargetID = 2E69EF171E65D36A00F1BC9A;
					};
					2E69EF361E65D36A00F1BC9A = {
						CreatedOnToolsVersion = 8.2.1;
						DevelopmentTeam = UUQTCM99ZH;
						ProvisioningStyle = Automatic;
						TestTargetID = 2E69EF171E65D36A00F1BC9A;
					};
				};
			};
			buildConfigurationList = 2E69EF131E65D36A00F1BC9A /* Build configuration list for PBXProject "mHealth" */;
			compatibilityVersion = "Xcode 3.2";
			developmentRegion = English;
			hasScannedForEncodings = 0;
			knownRegions = (
				en,
				Base,
			);
			mainGroup = 2E69EF0F1E65D36A00F1BC9A;
			productRefGroup = 2E69EF191E65D36A00F1BC9A /* Products */;
			projectDirPath = "";
			projectRoot = "";
			targets = (
				2E69EF171E65D36A00F1BC9A /* mHealth */,
				2E69EF2B1E65D36A00F1BC9A /* mHealthTests */,
				2E69EF361E65D36A00F1BC9A /* mHealthUITests */,
			);
		};
/* End PBXProject section */

/* Begin PBXResourcesBuildPhase section */
		2E69EF161E65D36A00F1BC9A /* Resources */ = {
			isa = PBXResourcesBuildPhase;
			buildActionMask = 2147483647;
			files = (
				2E0378361E82A63F00FF1AB3 /* mainTB.png in Resources */,
				2EB8F5251E78F07B0041BE03 /* cherry.png in Resources */,
				2E69EF261E65D36A00F1BC9A /* LaunchScreen.storyboard in Resources */,
				2E764EFC1E65D64F0082CC42 /* GoogleService-Info.plist in Resources */,
				2E69EF231E65D36A00F1BC9A /* Assets.xcassets in Resources */,
				2EA80D0F1E88C59D00E3A3F1 /* Main.storyboard in Resources */,
				2EB8F5291E78FF680041BE03 /* nurse.png in Resources */,
				2E7C81FA1E82ACAE00BCECA4 /* red-btn.png in Resources */,
				2E7C81F71E82ACA600BCECA4 /* blue-btn.png in Resources */,
				2E7C81F81E82ACA600BCECA4 /* green-btn.png in Resources */,
				2EE80AFC1E68ACCC000956DE /* healthIcon.jpeg in Resources */,
			);
			runOnlyForDeploymentPostprocessing = 0;
		};
		2E69EF2A1E65D36A00F1BC9A /* Resources */ = {
			isa = PBXResourcesBuildPhase;
			buildActionMask = 2147483647;
			files = (
			);
			runOnlyForDeploymentPostprocessing = 0;
		};
		2E69EF351E65D36A00F1BC9A /* Resources */ = {
			isa = PBXResourcesBuildPhase;
			buildActionMask = 2147483647;
			files = (
			);
			runOnlyForDeploymentPostprocessing = 0;
		};
/* End PBXResourcesBuildPhase section */

/* Begin PBXShellScriptBuildPhase section */
		33CEA704DB03FD541A85E6B1 /* [CP] Copy Pods Resources */ = {
			isa = PBXShellScriptBuildPhase;
			buildActionMask = 2147483647;
			files = (
			);
			inputPaths = (
			);
			name = "[CP] Copy Pods Resources";
			outputPaths = (
			);
			runOnlyForDeploymentPostprocessing = 0;
			shellPath = /bin/sh;
			shellScript = "\"${SRCROOT}/Pods/Target Support Files/Pods-mHealth/Pods-mHealth-resources.sh\"\n";
			showEnvVarsInLog = 0;
		};
		74D82B6E9891EF4C1F49798E /* [CP] Embed Pods Frameworks */ = {
			isa = PBXShellScriptBuildPhase;
			buildActionMask = 2147483647;
			files = (
			);
			inputPaths = (
			);
			name = "[CP] Embed Pods Frameworks";
			outputPaths = (
			);
			runOnlyForDeploymentPostprocessing = 0;
			shellPath = /bin/sh;
			shellScript = "\"${SRCROOT}/Pods/Target Support Files/Pods-mHealth/Pods-mHealth-frameworks.sh\"\n";
			showEnvVarsInLog = 0;
		};
		A6C213C2889D60599001D2BF /* [CP] Check Pods Manifest.lock */ = {
			isa = PBXShellScriptBuildPhase;
			buildActionMask = 2147483647;
			files = (
			);
			inputPaths = (
			);
			name = "[CP] Check Pods Manifest.lock";
			outputPaths = (
			);
			runOnlyForDeploymentPostprocessing = 0;
			shellPath = /bin/sh;
			shellScript = "diff \"${PODS_ROOT}/../Podfile.lock\" \"${PODS_ROOT}/Manifest.lock\" > /dev/null\nif [ $? != 0 ] ; then\n    # print error to STDERR\n    echo \"error: The sandbox is not in sync with the Podfile.lock. Run 'pod install' or update your CocoaPods installation.\" >&2\n    exit 1\nfi\n";
			showEnvVarsInLog = 0;
		};
/* End PBXShellScriptBuildPhase section */

/* Begin PBXSourcesBuildPhase section */
		2E69EF141E65D36A00F1BC9A /* Sources */ = {
			isa = PBXSourcesBuildPhase;
			buildActionMask = 2147483647;
			files = (
				2EA6F7E61E81E8EA002969A5 /* NewRunViewController.swift in Sources */,
				2EA6F7E81E81E998002969A5 /* Run.swift in Sources */,
				2E2AE2651E6A63CE00C3A9D5 /* CreateAccountViewController.swift in Sources */,
				2E69EF1E1E65D36A00F1BC9A /* ViewController.swift in Sources */,
				2E9286BD1E7B650E00E75230 /* UserHKData.swift in Sources */,
				2EE80B021E6900A3000956DE /* CalorieTracker.swift in Sources */,
				2EDE97F91E82EDB200996E68 /* DetailViewController.swift in Sources */,
				2EDE97FD1E83499A00996E68 /* FirebaseRun.swift in Sources */,
				2EA6F7FD1E822F01002969A5 /* mHealth.xcdatamodeld in Sources */,
				2EB3FDCE1E9305010069781F /* DistanceLineGraphViewController.swift in Sources */,
				2E3CCA351E85EBB300F9FE2E /* RunsTableViewCell.swift in Sources */,
				2E31FD681E796D7F00CE67A2 /* PedometerViewController.swift in Sources */,
				2E99C58E1E70911900439E41 /* HKHealthStoreExtension.swift in Sources */,
				2E9286C11E7B920100E75230 /* Util.swift in Sources */,
				2E69EF1C1E65D36A00F1BC9A /* AppDelegate.swift in Sources */,
				2EF730BB1E8442C9006A2734 /* FirebaseRunsViewController.swift in Sources */,
				2EBFA4D21E8DF6510069E9A0 /* MotionActivity.swift in Sources */,
				2EE80AFF1E68AEF2000956DE /* User.swift in Sources */,
				2EB3FDCC1E920B110069781F /* MainScreenViewController.swift in Sources */,
				2EE80B041E690478000956DE /* FoodItem.swift in Sources */,
				2EA6F7F21E81EC01002969A5 /* Location.swift in Sources */,
				2EA80D111E8A02B900E3A3F1 /* CalorieTableViewCell.swift in Sources */,
				2EDE97FB1E82EDF000996E68 /* MulticolorPolylineSegment.swift in Sources */,
				2EA6F7E41E81E708002969A5 /* HomeViewController.swift in Sources */,
				2E9286BB1E79E16B00E75230 /* mHealthUser.swift in Sources */,
				2EFC7C251E7778560033173E /* HealthManager.swift in Sources */,
				2E09F7B41E77B77200EE2F0A /* ProfileTableTableViewController.swift in Sources */,
				2E3CCA311E85E8AF00F9FE2E /* RunsTableViewController.swift in Sources */,
			);
			runOnlyForDeploymentPostprocessing = 0;
		};
		2E69EF281E65D36A00F1BC9A /* Sources */ = {
			isa = PBXSourcesBuildPhase;
			buildActionMask = 2147483647;
			files = (
				2E69EF311E65D36A00F1BC9A /* mHealthTests.swift in Sources */,
			);
			runOnlyForDeploymentPostprocessing = 0;
		};
		2E69EF331E65D36A00F1BC9A /* Sources */ = {
			isa = PBXSourcesBuildPhase;
			buildActionMask = 2147483647;
			files = (
				2E69EF3C1E65D36A00F1BC9A /* mHealthUITests.swift in Sources */,
			);
			runOnlyForDeploymentPostprocessing = 0;
		};
/* End PBXSourcesBuildPhase section */

/* Begin PBXTargetDependency section */
		2E69EF2E1E65D36A00F1BC9A /* PBXTargetDependency */ = {
			isa = PBXTargetDependency;
			target = 2E69EF171E65D36A00F1BC9A /* mHealth */;
			targetProxy = 2E69EF2D1E65D36A00F1BC9A /* PBXContainerItemProxy */;
		};
		2E69EF391E65D36A00F1BC9A /* PBXTargetDependency */ = {
			isa = PBXTargetDependency;
			target = 2E69EF171E65D36A00F1BC9A /* mHealth */;
			targetProxy = 2E69EF381E65D36A00F1BC9A /* PBXContainerItemProxy */;
		};
/* End PBXTargetDependency section */

/* Begin PBXVariantGroup section */
		2E69EF241E65D36A00F1BC9A /* LaunchScreen.storyboard */ = {
			isa = PBXVariantGroup;
			children = (
				2E69EF251E65D36A00F1BC9A /* Base */,
			);
			name = LaunchScreen.storyboard;
			sourceTree = "<group>";
		};
		2EA80D0D1E88C59D00E3A3F1 /* Main.storyboard */ = {
			isa = PBXVariantGroup;
			children = (
				2EA80D0E1E88C59D00E3A3F1 /* Base */,
			);
			name = Main.storyboard;
			sourceTree = "<group>";
		};
/* End PBXVariantGroup section */

/* Begin XCBuildConfiguration section */
		2E69EF3E1E65D36A00F1BC9A /* Debug */ = {
			isa = XCBuildConfiguration;
			buildSettings = {
				ALWAYS_SEARCH_USER_PATHS = NO;
				CLANG_ANALYZER_NONNULL = YES;
				CLANG_CXX_LANGUAGE_STANDARD = "gnu++0x";
				CLANG_CXX_LIBRARY = "libc++";
				CLANG_ENABLE_MODULES = YES;
				CLANG_ENABLE_OBJC_ARC = YES;
				CLANG_WARN_BOOL_CONVERSION = YES;
				CLANG_WARN_CONSTANT_CONVERSION = YES;
				CLANG_WARN_DIRECT_OBJC_ISA_USAGE = YES_ERROR;
				CLANG_WARN_DOCUMENTATION_COMMENTS = YES;
				CLANG_WARN_EMPTY_BODY = YES;
				CLANG_WARN_ENUM_CONVERSION = YES;
				CLANG_WARN_INFINITE_RECURSION = YES;
				CLANG_WARN_INT_CONVERSION = YES;
				CLANG_WARN_OBJC_ROOT_CLASS = YES_ERROR;
				CLANG_WARN_SUSPICIOUS_MOVE = YES;
				CLANG_WARN_UNREACHABLE_CODE = YES;
				CLANG_WARN__DUPLICATE_METHOD_MATCH = YES;
				"CODE_SIGN_IDENTITY[sdk=iphoneos*]" = "iPhone Developer";
				COPY_PHASE_STRIP = NO;
				DEBUG_INFORMATION_FORMAT = dwarf;
				ENABLE_STRICT_OBJC_MSGSEND = YES;
				ENABLE_TESTABILITY = YES;
				GCC_C_LANGUAGE_STANDARD = gnu99;
				GCC_DYNAMIC_NO_PIC = NO;
				GCC_NO_COMMON_BLOCKS = YES;
				GCC_OPTIMIZATION_LEVEL = 0;
				GCC_PREPROCESSOR_DEFINITIONS = (
					"DEBUG=1",
					"$(inherited)",
				);
				GCC_WARN_64_TO_32_BIT_CONVERSION = YES;
				GCC_WARN_ABOUT_RETURN_TYPE = YES_ERROR;
				GCC_WARN_UNDECLARED_SELECTOR = YES;
				GCC_WARN_UNINITIALIZED_AUTOS = YES_AGGRESSIVE;
				GCC_WARN_UNUSED_FUNCTION = YES;
				GCC_WARN_UNUSED_VARIABLE = YES;
				IPHONEOS_DEPLOYMENT_TARGET = 10.2;
				MTL_ENABLE_DEBUG_INFO = YES;
				ONLY_ACTIVE_ARCH = YES;
				SDKROOT = iphoneos;
				SWIFT_ACTIVE_COMPILATION_CONDITIONS = DEBUG;
				SWIFT_OPTIMIZATION_LEVEL = "-Onone";
			};
			name = Debug;
		};
		2E69EF3F1E65D36A00F1BC9A /* Release */ = {
			isa = XCBuildConfiguration;
			buildSettings = {
				ALWAYS_SEARCH_USER_PATHS = NO;
				CLANG_ANALYZER_NONNULL = YES;
				CLANG_CXX_LANGUAGE_STANDARD = "gnu++0x";
				CLANG_CXX_LIBRARY = "libc++";
				CLANG_ENABLE_MODULES = YES;
				CLANG_ENABLE_OBJC_ARC = YES;
				CLANG_WARN_BOOL_CONVERSION = YES;
				CLANG_WARN_CONSTANT_CONVERSION = YES;
				CLANG_WARN_DIRECT_OBJC_ISA_USAGE = YES_ERROR;
				CLANG_WARN_DOCUMENTATION_COMMENTS = YES;
				CLANG_WARN_EMPTY_BODY = YES;
				CLANG_WARN_ENUM_CONVERSION = YES;
				CLANG_WARN_INFINITE_RECURSION = YES;
				CLANG_WARN_INT_CONVERSION = YES;
				CLANG_WARN_OBJC_ROOT_CLASS = YES_ERROR;
				CLANG_WARN_SUSPICIOUS_MOVE = YES;
				CLANG_WARN_UNREACHABLE_CODE = YES;
				CLANG_WARN__DUPLICATE_METHOD_MATCH = YES;
				"CODE_SIGN_IDENTITY[sdk=iphoneos*]" = "iPhone Developer";
				COPY_PHASE_STRIP = NO;
				DEBUG_INFORMATION_FORMAT = "dwarf-with-dsym";
				ENABLE_NS_ASSERTIONS = NO;
				ENABLE_STRICT_OBJC_MSGSEND = YES;
				GCC_C_LANGUAGE_STANDARD = gnu99;
				GCC_NO_COMMON_BLOCKS = YES;
				GCC_WARN_64_TO_32_BIT_CONVERSION = YES;
				GCC_WARN_ABOUT_RETURN_TYPE = YES_ERROR;
				GCC_WARN_UNDECLARED_SELECTOR = YES;
				GCC_WARN_UNINITIALIZED_AUTOS = YES_AGGRESSIVE;
				GCC_WARN_UNUSED_FUNCTION = YES;
				GCC_WARN_UNUSED_VARIABLE = YES;
				IPHONEOS_DEPLOYMENT_TARGET = 10.2;
				MTL_ENABLE_DEBUG_INFO = NO;
				SDKROOT = iphoneos;
				SWIFT_OPTIMIZATION_LEVEL = "-Owholemodule";
				VALIDATE_PRODUCT = YES;
			};
			name = Release;
		};
		2E69EF411E65D36A00F1BC9A /* Debug */ = {
			isa = XCBuildConfiguration;
			baseConfigurationReference = AC661691064ACA7ABEC578C4 /* Pods-mHealth.debug.xcconfig */;
			buildSettings = {
				ASSETCATALOG_COMPILER_APPICON_NAME = AppIcon;
				CODE_SIGN_ENTITLEMENTS = mHealth/mHealth.entitlements;
				DEVELOPMENT_TEAM = 896PH5VHX4;
				INFOPLIST_FILE = mHealth/Info.plist;
				LD_RUNPATH_SEARCH_PATHS = "$(inherited) @executable_path/Frameworks";
				PRODUCT_BUNDLE_IDENTIFIER = edu.stjohns.mHealth;
				PRODUCT_NAME = "$(TARGET_NAME)";
				PROVISIONING_PROFILE = "62f56fd9-b7a6-48cf-a507-7bdbfae75c8a";
				PROVISIONING_PROFILE_SPECIFIER = cus1194;
				SWIFT_VERSION = 3.0;
				USE_HEADERMAP = YES;
			};
			name = Debug;
		};
		2E69EF421E65D36A00F1BC9A /* Release */ = {
			isa = XCBuildConfiguration;
			baseConfigurationReference = 04B205F87A2A279AAC0909A9 /* Pods-mHealth.release.xcconfig */;
			buildSettings = {
				ASSETCATALOG_COMPILER_APPICON_NAME = AppIcon;
				CODE_SIGN_ENTITLEMENTS = mHealth/mHealth.entitlements;
				DEVELOPMENT_TEAM = 896PH5VHX4;
				INFOPLIST_FILE = mHealth/Info.plist;
				LD_RUNPATH_SEARCH_PATHS = "$(inherited) @executable_path/Frameworks";
				PRODUCT_BUNDLE_IDENTIFIER = edu.stjohns.mHealth;
				PRODUCT_NAME = "$(TARGET_NAME)";
				PROVISIONING_PROFILE = "62f56fd9-b7a6-48cf-a507-7bdbfae75c8a";
				PROVISIONING_PROFILE_SPECIFIER = cus1194;
				SWIFT_VERSION = 3.0;
				USE_HEADERMAP = YES;
			};
			name = Release;
		};
		2E69EF441E65D36A00F1BC9A /* Debug */ = {
			isa = XCBuildConfiguration;
			buildSettings = {
				ALWAYS_EMBED_SWIFT_STANDARD_LIBRARIES = YES;
				BUNDLE_LOADER = "$(TEST_HOST)";
				DEVELOPMENT_TEAM = UUQTCM99ZH;
				HEADER_SEARCH_PATHS = (
					"${SRCROOT}/Pods/**",
					"$(inherited)/**",
				);
				INFOPLIST_FILE = mHealthTests/Info.plist;
				LD_RUNPATH_SEARCH_PATHS = "$(inherited) @executable_path/Frameworks @loader_path/Frameworks";
				PRODUCT_BUNDLE_IDENTIFIER = com.mHealthTests;
				PRODUCT_NAME = "$(TARGET_NAME)";
				SWIFT_VERSION = 3.0;
				TEST_HOST = "$(BUILT_PRODUCTS_DIR)/mHealth.app/mHealth";
			};
			name = Debug;
		};
		2E69EF451E65D36A00F1BC9A /* Release */ = {
			isa = XCBuildConfiguration;
			buildSettings = {
				ALWAYS_EMBED_SWIFT_STANDARD_LIBRARIES = YES;
				BUNDLE_LOADER = "$(TEST_HOST)";
				DEVELOPMENT_TEAM = UUQTCM99ZH;
				HEADER_SEARCH_PATHS = (
					"${SRCROOT}/Pods/**",
					"$(inherited)/**",
				);
				INFOPLIST_FILE = mHealthTests/Info.plist;
				LD_RUNPATH_SEARCH_PATHS = "$(inherited) @executable_path/Frameworks @loader_path/Frameworks";
				PRODUCT_BUNDLE_IDENTIFIER = com.mHealthTests;
				PRODUCT_NAME = "$(TARGET_NAME)";
				SWIFT_VERSION = 3.0;
				TEST_HOST = "$(BUILT_PRODUCTS_DIR)/mHealth.app/mHealth";
			};
			name = Release;
		};
		2E69EF471E65D36A00F1BC9A /* Debug */ = {
			isa = XCBuildConfiguration;
			buildSettings = {
				ALWAYS_EMBED_SWIFT_STANDARD_LIBRARIES = YES;
				DEVELOPMENT_TEAM = UUQTCM99ZH;
				INFOPLIST_FILE = mHealthUITests/Info.plist;
				LD_RUNPATH_SEARCH_PATHS = "$(inherited) @executable_path/Frameworks @loader_path/Frameworks";
				PRODUCT_BUNDLE_IDENTIFIER = com.mHealthUITests;
				PRODUCT_NAME = "$(TARGET_NAME)";
				SWIFT_VERSION = 3.0;
				TEST_TARGET_NAME = mHealth;
			};
			name = Debug;
		};
		2E69EF481E65D36A00F1BC9A /* Release */ = {
			isa = XCBuildConfiguration;
			buildSettings = {
				ALWAYS_EMBED_SWIFT_STANDARD_LIBRARIES = YES;
				DEVELOPMENT_TEAM = UUQTCM99ZH;
				INFOPLIST_FILE = mHealthUITests/Info.plist;
				LD_RUNPATH_SEARCH_PATHS = "$(inherited) @executable_path/Frameworks @loader_path/Frameworks";
				PRODUCT_BUNDLE_IDENTIFIER = com.mHealthUITests;
				PRODUCT_NAME = "$(TARGET_NAME)";
				SWIFT_VERSION = 3.0;
				TEST_TARGET_NAME = mHealth;
			};
			name = Release;
		};
/* End XCBuildConfiguration section */

/* Begin XCConfigurationList section */
		2E69EF131E65D36A00F1BC9A /* Build configuration list for PBXProject "mHealth" */ = {
			isa = XCConfigurationList;
			buildConfigurations = (
				2E69EF3E1E65D36A00F1BC9A /* Debug */,
				2E69EF3F1E65D36A00F1BC9A /* Release */,
			);
			defaultConfigurationIsVisible = 0;
			defaultConfigurationName = Release;
		};
		2E69EF401E65D36A00F1BC9A /* Build configuration list for PBXNativeTarget "mHealth" */ = {
			isa = XCConfigurationList;
			buildConfigurations = (
				2E69EF411E65D36A00F1BC9A /* Debug */,
				2E69EF421E65D36A00F1BC9A /* Release */,
			);
			defaultConfigurationIsVisible = 0;
			defaultConfigurationName = Release;
		};
		2E69EF431E65D36A00F1BC9A /* Build configuration list for PBXNativeTarget "mHealthTests" */ = {
			isa = XCConfigurationList;
			buildConfigurations = (
				2E69EF441E65D36A00F1BC9A /* Debug */,
				2E69EF451E65D36A00F1BC9A /* Release */,
			);
			defaultConfigurationIsVisible = 0;
			defaultConfigurationName = Release;
		};
		2E69EF461E65D36A00F1BC9A /* Build configuration list for PBXNativeTarget "mHealthUITests" */ = {
			isa = XCConfigurationList;
			buildConfigurations = (
				2E69EF471E65D36A00F1BC9A /* Debug */,
				2E69EF481E65D36A00F1BC9A /* Release */,
			);
			defaultConfigurationIsVisible = 0;
			defaultConfigurationName = Release;
		};
/* End XCConfigurationList section */

/* Begin XCVersionGroup section */
		2EA6F7FB1E822F01002969A5 /* mHealth.xcdatamodeld */ = {
			isa = XCVersionGroup;
			children = (
				2EA6F7FC1E822F01002969A5 /* MoonRunner.xcdatamodel */,
			);
			currentVersion = 2EA6F7FC1E822F01002969A5 /* MoonRunner.xcdatamodel */;
			name = mHealth.xcdatamodeld;
			path = mHealth/mHealth.xcdatamodeld;
			sourceTree = "<group>";
			versionGroupType = wrapper.xcdatamodel;
		};
/* End XCVersionGroup section */
	};
	rootObject = 2E69EF101E65D36A00F1BC9A /* Project object */;
}
